{
  "name": "js",
  "version": "1.0.0",
  "lockfileVersion": 1,
  "requires": true,
  "dependencies": {
    "@emotion/is-prop-valid": {
      "version": "0.8.8",
      "resolved": "https://registry.npmjs.org/@emotion/is-prop-valid/-/is-prop-valid-0.8.8.tgz",
      "integrity": "sha512-u5WtneEAr5IDG2Wv65yhunPSMLIpuKsbuOktRojfrEiEvRyC85LgPMZI63cr7NUqT8ZIGdSVg8ZKGxIug4lXcA==",
      "optional": true,
      "requires": {
        "@emotion/memoize": "0.7.4"
      }
    },
    "@emotion/memoize": {
      "version": "0.7.4",
      "resolved": "https://registry.npmjs.org/@emotion/memoize/-/memoize-0.7.4.tgz",
      "integrity": "sha512-Ja/Vfqe3HpuzRsG1oBtWTHk2PGZ7GR+2Vz5iYGelAw8dx32K0y7PjVuxK6z1nMpZOqAFsRUPCkK1YjJ56qJlgw==",
      "optional": true
    },
    "@esbuild/aix-ppc64": {
      "version": "0.23.0",
      "resolved": "https://registry.npmjs.org/@esbuild/aix-ppc64/-/aix-ppc64-0.23.0.tgz",
      "integrity": "sha512-3sG8Zwa5fMcA9bgqB8AfWPQ+HFke6uD3h1s3RIwUNK8EG7a4buxvuFTs3j1IMs2NXAk9F30C/FF4vxRgQCcmoQ==",
      "dev": true,
      "optional": true
    },
    "@esbuild/android-arm": {
      "version": "0.23.0",
      "resolved": "https://registry.npmjs.org/@esbuild/android-arm/-/android-arm-0.23.0.tgz",
      "integrity": "sha512-+KuOHTKKyIKgEEqKbGTK8W7mPp+hKinbMBeEnNzjJGyFcWsfrXjSTNluJHCY1RqhxFurdD8uNXQDei7qDlR6+g==",
      "dev": true,
      "optional": true
    },
    "@esbuild/android-arm64": {
      "version": "0.23.0",
      "resolved": "https://registry.npmjs.org/@esbuild/android-arm64/-/android-arm64-0.23.0.tgz",
      "integrity": "sha512-EuHFUYkAVfU4qBdyivULuu03FhJO4IJN9PGuABGrFy4vUuzk91P2d+npxHcFdpUnfYKy0PuV+n6bKIpHOB3prQ==",
      "dev": true,
      "optional": true
    },
    "@esbuild/android-x64": {
      "version": "0.23.0",
      "resolved": "https://registry.npmjs.org/@esbuild/android-x64/-/android-x64-0.23.0.tgz",
      "integrity": "sha512-WRrmKidLoKDl56LsbBMhzTTBxrsVwTKdNbKDalbEZr0tcsBgCLbEtoNthOW6PX942YiYq8HzEnb4yWQMLQuipQ==",
      "dev": true,
      "optional": true
    },
    "@esbuild/darwin-arm64": {
      "version": "0.23.0",
      "resolved": "https://registry.npmjs.org/@esbuild/darwin-arm64/-/darwin-arm64-0.23.0.tgz",
      "integrity": "sha512-YLntie/IdS31H54Ogdn+v50NuoWF5BDkEUFpiOChVa9UnKpftgwzZRrI4J132ETIi+D8n6xh9IviFV3eXdxfow==",
      "dev": true,
      "optional": true
    },
    "@esbuild/darwin-x64": {
      "version": "0.23.0",
      "resolved": "https://registry.npmjs.org/@esbuild/darwin-x64/-/darwin-x64-0.23.0.tgz",
      "integrity": "sha512-IMQ6eme4AfznElesHUPDZ+teuGwoRmVuuixu7sv92ZkdQcPbsNHzutd+rAfaBKo8YK3IrBEi9SLLKWJdEvJniQ==",
      "dev": true,
      "optional": true
    },
    "@esbuild/freebsd-arm64": {
      "version": "0.23.0",
      "resolved": "https://registry.npmjs.org/@esbuild/freebsd-arm64/-/freebsd-arm64-0.23.0.tgz",
      "integrity": "sha512-0muYWCng5vqaxobq6LB3YNtevDFSAZGlgtLoAc81PjUfiFz36n4KMpwhtAd4he8ToSI3TGyuhyx5xmiWNYZFyw==",
      "dev": true,
      "optional": true
    },
    "@esbuild/freebsd-x64": {
      "version": "0.23.0",
      "resolved": "https://registry.npmjs.org/@esbuild/freebsd-x64/-/freebsd-x64-0.23.0.tgz",
      "integrity": "sha512-XKDVu8IsD0/q3foBzsXGt/KjD/yTKBCIwOHE1XwiXmrRwrX6Hbnd5Eqn/WvDekddK21tfszBSrE/WMaZh+1buQ==",
      "dev": true,
      "optional": true
    },
    "@esbuild/linux-arm": {
      "version": "0.23.0",
      "resolved": "https://registry.npmjs.org/@esbuild/linux-arm/-/linux-arm-0.23.0.tgz",
      "integrity": "sha512-SEELSTEtOFu5LPykzA395Mc+54RMg1EUgXP+iw2SJ72+ooMwVsgfuwXo5Fn0wXNgWZsTVHwY2cg4Vi/bOD88qw==",
      "dev": true,
      "optional": true
    },
    "@esbuild/linux-arm64": {
      "version": "0.23.0",
      "resolved": "https://registry.npmjs.org/@esbuild/linux-arm64/-/linux-arm64-0.23.0.tgz",
      "integrity": "sha512-j1t5iG8jE7BhonbsEg5d9qOYcVZv/Rv6tghaXM/Ug9xahM0nX/H2gfu6X6z11QRTMT6+aywOMA8TDkhPo8aCGw==",
      "dev": true,
      "optional": true
    },
    "@esbuild/linux-ia32": {
      "version": "0.23.0",
      "resolved": "https://registry.npmjs.org/@esbuild/linux-ia32/-/linux-ia32-0.23.0.tgz",
      "integrity": "sha512-P7O5Tkh2NbgIm2R6x1zGJJsnacDzTFcRWZyTTMgFdVit6E98LTxO+v8LCCLWRvPrjdzXHx9FEOA8oAZPyApWUA==",
      "dev": true,
      "optional": true
    },
    "@esbuild/linux-loong64": {
      "version": "0.23.0",
      "resolved": "https://registry.npmjs.org/@esbuild/linux-loong64/-/linux-loong64-0.23.0.tgz",
      "integrity": "sha512-InQwepswq6urikQiIC/kkx412fqUZudBO4SYKu0N+tGhXRWUqAx+Q+341tFV6QdBifpjYgUndV1hhMq3WeJi7A==",
      "dev": true,
      "optional": true
    },
    "@esbuild/linux-mips64el": {
      "version": "0.23.0",
      "resolved": "https://registry.npmjs.org/@esbuild/linux-mips64el/-/linux-mips64el-0.23.0.tgz",
      "integrity": "sha512-J9rflLtqdYrxHv2FqXE2i1ELgNjT+JFURt/uDMoPQLcjWQA5wDKgQA4t/dTqGa88ZVECKaD0TctwsUfHbVoi4w==",
      "dev": true,
      "optional": true
    },
    "@esbuild/linux-ppc64": {
      "version": "0.23.0",
      "resolved": "https://registry.npmjs.org/@esbuild/linux-ppc64/-/linux-ppc64-0.23.0.tgz",
      "integrity": "sha512-cShCXtEOVc5GxU0fM+dsFD10qZ5UpcQ8AM22bYj0u/yaAykWnqXJDpd77ublcX6vdDsWLuweeuSNZk4yUxZwtw==",
      "dev": true,
      "optional": true
    },
    "@esbuild/linux-riscv64": {
      "version": "0.23.0",
      "resolved": "https://registry.npmjs.org/@esbuild/linux-riscv64/-/linux-riscv64-0.23.0.tgz",
      "integrity": "sha512-HEtaN7Y5UB4tZPeQmgz/UhzoEyYftbMXrBCUjINGjh3uil+rB/QzzpMshz3cNUxqXN7Vr93zzVtpIDL99t9aRw==",
      "dev": true,
      "optional": true
    },
    "@esbuild/linux-s390x": {
      "version": "0.23.0",
      "resolved": "https://registry.npmjs.org/@esbuild/linux-s390x/-/linux-s390x-0.23.0.tgz",
      "integrity": "sha512-WDi3+NVAuyjg/Wxi+o5KPqRbZY0QhI9TjrEEm+8dmpY9Xir8+HE/HNx2JoLckhKbFopW0RdO2D72w8trZOV+Wg==",
      "dev": true,
      "optional": true
    },
    "@esbuild/linux-x64": {
      "version": "0.23.0",
      "resolved": "https://registry.npmjs.org/@esbuild/linux-x64/-/linux-x64-0.23.0.tgz",
      "integrity": "sha512-a3pMQhUEJkITgAw6e0bWA+F+vFtCciMjW/LPtoj99MhVt+Mfb6bbL9hu2wmTZgNd994qTAEw+U/r6k3qHWWaOQ==",
      "dev": true,
      "optional": true
    },
    "@esbuild/netbsd-x64": {
      "version": "0.23.0",
      "resolved": "https://registry.npmjs.org/@esbuild/netbsd-x64/-/netbsd-x64-0.23.0.tgz",
      "integrity": "sha512-cRK+YDem7lFTs2Q5nEv/HHc4LnrfBCbH5+JHu6wm2eP+d8OZNoSMYgPZJq78vqQ9g+9+nMuIsAO7skzphRXHyw==",
      "dev": true,
      "optional": true
    },
    "@esbuild/openbsd-arm64": {
      "version": "0.23.0",
      "resolved": "https://registry.npmjs.org/@esbuild/openbsd-arm64/-/openbsd-arm64-0.23.0.tgz",
      "integrity": "sha512-suXjq53gERueVWu0OKxzWqk7NxiUWSUlrxoZK7usiF50C6ipColGR5qie2496iKGYNLhDZkPxBI3erbnYkU0rQ==",
      "dev": true,
      "optional": true
    },
    "@esbuild/openbsd-x64": {
      "version": "0.23.0",
      "resolved": "https://registry.npmjs.org/@esbuild/openbsd-x64/-/openbsd-x64-0.23.0.tgz",
      "integrity": "sha512-6p3nHpby0DM/v15IFKMjAaayFhqnXV52aEmv1whZHX56pdkK+MEaLoQWj+H42ssFarP1PcomVhbsR4pkz09qBg==",
      "dev": true,
      "optional": true
    },
    "@esbuild/sunos-x64": {
      "version": "0.23.0",
      "resolved": "https://registry.npmjs.org/@esbuild/sunos-x64/-/sunos-x64-0.23.0.tgz",
      "integrity": "sha512-BFelBGfrBwk6LVrmFzCq1u1dZbG4zy/Kp93w2+y83Q5UGYF1d8sCzeLI9NXjKyujjBBniQa8R8PzLFAUrSM9OA==",
      "dev": true,
      "optional": true
    },
    "@esbuild/win32-arm64": {
      "version": "0.23.0",
      "resolved": "https://registry.npmjs.org/@esbuild/win32-arm64/-/win32-arm64-0.23.0.tgz",
      "integrity": "sha512-lY6AC8p4Cnb7xYHuIxQ6iYPe6MfO2CC43XXKo9nBXDb35krYt7KGhQnOkRGar5psxYkircpCqfbNDB4uJbS2jQ==",
      "dev": true,
      "optional": true
    },
    "@esbuild/win32-ia32": {
      "version": "0.23.0",
      "resolved": "https://registry.npmjs.org/@esbuild/win32-ia32/-/win32-ia32-0.23.0.tgz",
      "integrity": "sha512-7L1bHlOTcO4ByvI7OXVI5pNN6HSu6pUQq9yodga8izeuB1KcT2UkHaH6118QJwopExPn0rMHIseCTx1CRo/uNA==",
      "dev": true,
      "optional": true
    },
    "@esbuild/win32-x64": {
      "version": "0.23.0",
      "resolved": "https://registry.npmjs.org/@esbuild/win32-x64/-/win32-x64-0.23.0.tgz",
      "integrity": "sha512-Arm+WgUFLUATuoxCJcahGuk6Yj9Pzxd6l11Zb/2aAuv5kWWvvfhLFo2fni4uSK5vzlUdCGZ/BdV5tH8klj8p8g==",
      "dev": true,
      "optional": true
    },
    "@floating-ui/core": {
      "version": "1.6.7",
      "resolved": "https://registry.npmjs.org/@floating-ui/core/-/core-1.6.7.tgz",
      "integrity": "sha512-yDzVT/Lm101nQ5TCVeK65LtdN7Tj4Qpr9RTXJ2vPFLqtLxwOrpoxAHAJI8J3yYWUc40J0BDBheaitK5SJmno2g==",
      "requires": {
        "@floating-ui/utils": "^0.2.7"
      }
    },
    "@floating-ui/dom": {
      "version": "1.6.10",
      "resolved": "https://registry.npmjs.org/@floating-ui/dom/-/dom-1.6.10.tgz",
      "integrity": "sha512-fskgCFv8J8OamCmyun8MfjB1Olfn+uZKjOKZ0vhYF3gRmEUXcGOjxWL8bBr7i4kIuPZ2KD2S3EUIOxnjC8kl2A==",
      "requires": {
        "@floating-ui/core": "^1.6.0",
        "@floating-ui/utils": "^0.2.7"
      }
    },
    "@floating-ui/react-dom": {
      "version": "2.1.1",
      "resolved": "https://registry.npmjs.org/@floating-ui/react-dom/-/react-dom-2.1.1.tgz",
      "integrity": "sha512-4h84MJt3CHrtG18mGsXuLCHMrug49d7DFkU0RMIyshRveBeyV2hmV/pDaF2Uxtu8kgq5r46llp5E5FQiR0K2Yg==",
      "requires": {
        "@floating-ui/dom": "^1.0.0"
      }
    },
    "@floating-ui/utils": {
      "version": "0.2.7",
      "resolved": "https://registry.npmjs.org/@floating-ui/utils/-/utils-0.2.7.tgz",
      "integrity": "sha512-X8R8Oj771YRl/w+c1HqAC1szL8zWQRwFvgDwT129k9ACdBoud/+/rX9V0qiMl6LWUdP9voC2nDVZYPMQQsb6eA=="
    },
    "@graphiql/react": {
      "version": "0.26.2",
      "resolved": "https://registry.npmjs.org/@graphiql/react/-/react-0.26.2.tgz",
      "integrity": "sha512-aO4GWf/kJmqrjO+PORT/NPxwGvPGlg+mwye1v8xAlf8Q9j7P0hVtVBawYaSLUCCfJ/QnH7JAP+0VRamyooZZCw==",
      "requires": {
        "@graphiql/toolkit": "^0.11.0",
        "@headlessui/react": "^1.7.15",
        "@radix-ui/react-dialog": "^1.0.4",
        "@radix-ui/react-dropdown-menu": "^2.0.5",
        "@radix-ui/react-tooltip": "^1.0.6",
        "@radix-ui/react-visually-hidden": "^1.0.3",
        "@types/codemirror": "^5.60.8",
        "clsx": "^1.2.1",
        "codemirror": "^5.65.3",
        "codemirror-graphql": "^2.1.1",
        "copy-to-clipboard": "^3.2.0",
        "framer-motion": "^6.5.1",
        "get-value": "^3.0.1",
        "graphql-language-service": "^5.3.0",
        "markdown-it": "^14.1.0",
        "set-value": "^4.1.0"
      }
    },
    "@graphiql/toolkit": {
      "version": "0.11.0",
      "resolved": "https://registry.npmjs.org/@graphiql/toolkit/-/toolkit-0.11.0.tgz",
      "integrity": "sha512-VqqQrvkMwgbGhj7J5907yfuAy5B1OCgOTIPi7gtRneG1jYmnqvSxi8Yrmu0B8G8fZxkxKVsYi8dE8EtsOBrTGQ==",
      "requires": {
        "@n1ru4l/push-pull-async-iterable-iterator": "^3.1.0",
        "meros": "^1.1.4"
      }
    },
    "@headlessui/react": {
      "version": "1.7.19",
      "resolved": "https://registry.npmjs.org/@headlessui/react/-/react-1.7.19.tgz",
      "integrity": "sha512-Ll+8q3OlMJfJbAKM/+/Y2q6PPYbryqNTXDbryx7SXLIDamkF6iQFbriYHga0dY44PvDhvvBWCx1Xj4U5+G4hOw==",
      "requires": {
        "@tanstack/react-virtual": "^3.0.0-beta.60",
        "client-only": "^0.0.1"
      }
    },
    "@motionone/animation": {
      "version": "10.18.0",
      "resolved": "https://registry.npmjs.org/@motionone/animation/-/animation-10.18.0.tgz",
      "integrity": "sha512-9z2p5GFGCm0gBsZbi8rVMOAJCtw1WqBTIPw3ozk06gDvZInBPIsQcHgYogEJ4yuHJ+akuW8g1SEIOpTOvYs8hw==",
      "requires": {
        "@motionone/easing": "^10.18.0",
        "@motionone/types": "^10.17.1",
        "@motionone/utils": "^10.18.0",
        "tslib": "^2.3.1"
      }
    },
    "@motionone/dom": {
      "version": "10.12.0",
      "resolved": "https://registry.npmjs.org/@motionone/dom/-/dom-10.12.0.tgz",
      "integrity": "sha512-UdPTtLMAktHiqV0atOczNYyDd/d8Cf5fFsd1tua03PqTwwCe/6lwhLSQ8a7TbnQ5SN0gm44N1slBfj+ORIhrqw==",
      "requires": {
        "@motionone/animation": "^10.12.0",
        "@motionone/generators": "^10.12.0",
        "@motionone/types": "^10.12.0",
        "@motionone/utils": "^10.12.0",
        "hey-listen": "^1.0.8",
        "tslib": "^2.3.1"
      }
    },
    "@motionone/easing": {
      "version": "10.18.0",
      "resolved": "https://registry.npmjs.org/@motionone/easing/-/easing-10.18.0.tgz",
      "integrity": "sha512-VcjByo7XpdLS4o9T8t99JtgxkdMcNWD3yHU/n6CLEz3bkmKDRZyYQ/wmSf6daum8ZXqfUAgFeCZSpJZIMxaCzg==",
      "requires": {
        "@motionone/utils": "^10.18.0",
        "tslib": "^2.3.1"
      }
    },
    "@motionone/generators": {
      "version": "10.18.0",
      "resolved": "https://registry.npmjs.org/@motionone/generators/-/generators-10.18.0.tgz",
      "integrity": "sha512-+qfkC2DtkDj4tHPu+AFKVfR/C30O1vYdvsGYaR13W/1cczPrrcjdvYCj0VLFuRMN+lP1xvpNZHCRNM4fBzn1jg==",
      "requires": {
        "@motionone/types": "^10.17.1",
        "@motionone/utils": "^10.18.0",
        "tslib": "^2.3.1"
      }
    },
    "@motionone/types": {
      "version": "10.17.1",
      "resolved": "https://registry.npmjs.org/@motionone/types/-/types-10.17.1.tgz",
      "integrity": "sha512-KaC4kgiODDz8hswCrS0btrVrzyU2CSQKO7Ps90ibBVSQmjkrt2teqta6/sOG59v7+dPnKMAg13jyqtMKV2yJ7A=="
    },
    "@motionone/utils": {
      "version": "10.18.0",
      "resolved": "https://registry.npmjs.org/@motionone/utils/-/utils-10.18.0.tgz",
      "integrity": "sha512-3XVF7sgyTSI2KWvTf6uLlBJ5iAgRgmvp3bpuOiQJvInd4nZ19ET8lX5unn30SlmRH7hXbBbH+Gxd0m0klJ3Xtw==",
      "requires": {
        "@motionone/types": "^10.17.1",
        "hey-listen": "^1.0.8",
        "tslib": "^2.3.1"
      }
    },
    "@n1ru4l/push-pull-async-iterable-iterator": {
      "version": "3.2.0",
      "resolved": "https://registry.npmjs.org/@n1ru4l/push-pull-async-iterable-iterator/-/push-pull-async-iterable-iterator-3.2.0.tgz",
      "integrity": "sha512-3fkKj25kEjsfObL6IlKPAlHYPq/oYwUkkQ03zsTTiDjD7vg/RxjdiLeCydqtxHZP0JgsXL3D/X5oAkMGzuUp/Q=="
    },
    "@radix-ui/primitive": {
      "version": "1.1.0",
      "resolved": "https://registry.npmjs.org/@radix-ui/primitive/-/primitive-1.1.0.tgz",
      "integrity": "sha512-4Z8dn6Upk0qk4P74xBhZ6Hd/w0mPEzOOLxy4xiPXOXqjF7jZS0VAKk7/x/H6FyY2zCkYJqePf1G5KmkmNJ4RBA=="
    },
    "@radix-ui/react-arrow": {
      "version": "1.1.0",
      "resolved": "https://registry.npmjs.org/@radix-ui/react-arrow/-/react-arrow-1.1.0.tgz",
      "integrity": "sha512-FmlW1rCg7hBpEBwFbjHwCW6AmWLQM6g/v0Sn8XbP9NvmSZ2San1FpQeyPtufzOMSIx7Y4dzjlHoifhp+7NkZhw==",
      "requires": {
        "@radix-ui/react-primitive": "2.0.0"
      }
    },
    "@radix-ui/react-collection": {
      "version": "1.1.0",
      "resolved": "https://registry.npmjs.org/@radix-ui/react-collection/-/react-collection-1.1.0.tgz",
      "integrity": "sha512-GZsZslMJEyo1VKm5L1ZJY8tGDxZNPAoUeQUIbKeJfoi7Q4kmig5AsgLMYYuyYbfjd8fBmFORAIwYAkXMnXZgZw==",
      "requires": {
        "@radix-ui/react-compose-refs": "1.1.0",
        "@radix-ui/react-context": "1.1.0",
        "@radix-ui/react-primitive": "2.0.0",
        "@radix-ui/react-slot": "1.1.0"
      }
    },
    "@radix-ui/react-compose-refs": {
      "version": "1.1.0",
      "resolved": "https://registry.npmjs.org/@radix-ui/react-compose-refs/-/react-compose-refs-1.1.0.tgz",
      "integrity": "sha512-b4inOtiaOnYf9KWyO3jAeeCG6FeyfY6ldiEPanbUjWd+xIk5wZeHa8yVwmrJ2vderhu/BQvzCrJI0lHd+wIiqw=="
    },
    "@radix-ui/react-context": {
      "version": "1.1.0",
      "resolved": "https://registry.npmjs.org/@radix-ui/react-context/-/react-context-1.1.0.tgz",
      "integrity": "sha512-OKrckBy+sMEgYM/sMmqmErVn0kZqrHPJze+Ql3DzYsDDp0hl0L62nx/2122/Bvps1qz645jlcu2tD9lrRSdf8A=="
    },
    "@radix-ui/react-dialog": {
      "version": "1.1.1",
      "resolved": "https://registry.npmjs.org/@radix-ui/react-dialog/-/react-dialog-1.1.1.tgz",
      "integrity": "sha512-zysS+iU4YP3STKNS6USvFVqI4qqx8EpiwmT5TuCApVEBca+eRCbONi4EgzfNSuVnOXvC5UPHHMjs8RXO6DH9Bg==",
      "requires": {
        "@radix-ui/primitive": "1.1.0",
        "@radix-ui/react-compose-refs": "1.1.0",
        "@radix-ui/react-context": "1.1.0",
        "@radix-ui/react-dismissable-layer": "1.1.0",
        "@radix-ui/react-focus-guards": "1.1.0",
        "@radix-ui/react-focus-scope": "1.1.0",
        "@radix-ui/react-id": "1.1.0",
        "@radix-ui/react-portal": "1.1.1",
        "@radix-ui/react-presence": "1.1.0",
        "@radix-ui/react-primitive": "2.0.0",
        "@radix-ui/react-slot": "1.1.0",
        "@radix-ui/react-use-controllable-state": "1.1.0",
        "aria-hidden": "^1.1.1",
        "react-remove-scroll": "2.5.7"
      }
    },
    "@radix-ui/react-direction": {
      "version": "1.1.0",
      "resolved": "https://registry.npmjs.org/@radix-ui/react-direction/-/react-direction-1.1.0.tgz",
      "integrity": "sha512-BUuBvgThEiAXh2DWu93XsT+a3aWrGqolGlqqw5VU1kG7p/ZH2cuDlM1sRLNnY3QcBS69UIz2mcKhMxDsdewhjg=="
    },
    "@radix-ui/react-dismissable-layer": {
      "version": "1.1.0",
      "resolved": "https://registry.npmjs.org/@radix-ui/react-dismissable-layer/-/react-dismissable-layer-1.1.0.tgz",
      "integrity": "sha512-/UovfmmXGptwGcBQawLzvn2jOfM0t4z3/uKffoBlj724+n3FvBbZ7M0aaBOmkp6pqFYpO4yx8tSVJjx3Fl2jig==",
      "requires": {
        "@radix-ui/primitive": "1.1.0",
        "@radix-ui/react-compose-refs": "1.1.0",
        "@radix-ui/react-primitive": "2.0.0",
        "@radix-ui/react-use-callback-ref": "1.1.0",
        "@radix-ui/react-use-escape-keydown": "1.1.0"
      }
    },
    "@radix-ui/react-dropdown-menu": {
      "version": "2.1.1",
      "resolved": "https://registry.npmjs.org/@radix-ui/react-dropdown-menu/-/react-dropdown-menu-2.1.1.tgz",
      "integrity": "sha512-y8E+x9fBq9qvteD2Zwa4397pUVhYsh9iq44b5RD5qu1GMJWBCBuVg1hMyItbc6+zH00TxGRqd9Iot4wzf3OoBQ==",
      "requires": {
        "@radix-ui/primitive": "1.1.0",
        "@radix-ui/react-compose-refs": "1.1.0",
        "@radix-ui/react-context": "1.1.0",
        "@radix-ui/react-id": "1.1.0",
        "@radix-ui/react-menu": "2.1.1",
        "@radix-ui/react-primitive": "2.0.0",
        "@radix-ui/react-use-controllable-state": "1.1.0"
      }
    },
    "@radix-ui/react-focus-guards": {
      "version": "1.1.0",
      "resolved": "https://registry.npmjs.org/@radix-ui/react-focus-guards/-/react-focus-guards-1.1.0.tgz",
      "integrity": "sha512-w6XZNUPVv6xCpZUqb/yN9DL6auvpGX3C/ee6Hdi16v2UUy25HV2Q5bcflsiDyT/g5RwbPQ/GIT1vLkeRb+ITBw=="
    },
    "@radix-ui/react-focus-scope": {
      "version": "1.1.0",
      "resolved": "https://registry.npmjs.org/@radix-ui/react-focus-scope/-/react-focus-scope-1.1.0.tgz",
      "integrity": "sha512-200UD8zylvEyL8Bx+z76RJnASR2gRMuxlgFCPAe/Q/679a/r0eK3MBVYMb7vZODZcffZBdob1EGnky78xmVvcA==",
      "requires": {
        "@radix-ui/react-compose-refs": "1.1.0",
        "@radix-ui/react-primitive": "2.0.0",
        "@radix-ui/react-use-callback-ref": "1.1.0"
      }
    },
    "@radix-ui/react-id": {
      "version": "1.1.0",
      "resolved": "https://registry.npmjs.org/@radix-ui/react-id/-/react-id-1.1.0.tgz",
      "integrity": "sha512-EJUrI8yYh7WOjNOqpoJaf1jlFIH2LvtgAl+YcFqNCa+4hj64ZXmPkAKOFs/ukjz3byN6bdb/AVUqHkI8/uWWMA==",
      "requires": {
        "@radix-ui/react-use-layout-effect": "1.1.0"
      }
    },
    "@radix-ui/react-menu": {
      "version": "2.1.1",
      "resolved": "https://registry.npmjs.org/@radix-ui/react-menu/-/react-menu-2.1.1.tgz",
      "integrity": "sha512-oa3mXRRVjHi6DZu/ghuzdylyjaMXLymx83irM7hTxutQbD+7IhPKdMdRHD26Rm+kHRrWcrUkkRPv5pd47a2xFQ==",
      "requires": {
        "@radix-ui/primitive": "1.1.0",
        "@radix-ui/react-collection": "1.1.0",
        "@radix-ui/react-compose-refs": "1.1.0",
        "@radix-ui/react-context": "1.1.0",
        "@radix-ui/react-direction": "1.1.0",
        "@radix-ui/react-dismissable-layer": "1.1.0",
        "@radix-ui/react-focus-guards": "1.1.0",
        "@radix-ui/react-focus-scope": "1.1.0",
        "@radix-ui/react-id": "1.1.0",
        "@radix-ui/react-popper": "1.2.0",
        "@radix-ui/react-portal": "1.1.1",
        "@radix-ui/react-presence": "1.1.0",
        "@radix-ui/react-primitive": "2.0.0",
        "@radix-ui/react-roving-focus": "1.1.0",
        "@radix-ui/react-slot": "1.1.0",
        "@radix-ui/react-use-callback-ref": "1.1.0",
        "aria-hidden": "^1.1.1",
        "react-remove-scroll": "2.5.7"
      }
    },
    "@radix-ui/react-popper": {
      "version": "1.2.0",
      "resolved": "https://registry.npmjs.org/@radix-ui/react-popper/-/react-popper-1.2.0.tgz",
      "integrity": "sha512-ZnRMshKF43aBxVWPWvbj21+7TQCvhuULWJ4gNIKYpRlQt5xGRhLx66tMp8pya2UkGHTSlhpXwmjqltDYHhw7Vg==",
      "requires": {
        "@floating-ui/react-dom": "^2.0.0",
        "@radix-ui/react-arrow": "1.1.0",
        "@radix-ui/react-compose-refs": "1.1.0",
        "@radix-ui/react-context": "1.1.0",
        "@radix-ui/react-primitive": "2.0.0",
        "@radix-ui/react-use-callback-ref": "1.1.0",
        "@radix-ui/react-use-layout-effect": "1.1.0",
        "@radix-ui/react-use-rect": "1.1.0",
        "@radix-ui/react-use-size": "1.1.0",
        "@radix-ui/rect": "1.1.0"
      }
    },
    "@radix-ui/react-portal": {
      "version": "1.1.1",
      "resolved": "https://registry.npmjs.org/@radix-ui/react-portal/-/react-portal-1.1.1.tgz",
      "integrity": "sha512-A3UtLk85UtqhzFqtoC8Q0KvR2GbXF3mtPgACSazajqq6A41mEQgo53iPzY4i6BwDxlIFqWIhiQ2G729n+2aw/g==",
      "requires": {
        "@radix-ui/react-primitive": "2.0.0",
        "@radix-ui/react-use-layout-effect": "1.1.0"
      }
    },
    "@radix-ui/react-presence": {
      "version": "1.1.0",
      "resolved": "https://registry.npmjs.org/@radix-ui/react-presence/-/react-presence-1.1.0.tgz",
      "integrity": "sha512-Gq6wuRN/asf9H/E/VzdKoUtT8GC9PQc9z40/vEr0VCJ4u5XvvhWIrSsCB6vD2/cH7ugTdSfYq9fLJCcM00acrQ==",
      "requires": {
        "@radix-ui/react-compose-refs": "1.1.0",
        "@radix-ui/react-use-layout-effect": "1.1.0"
      }
    },
    "@radix-ui/react-primitive": {
      "version": "2.0.0",
      "resolved": "https://registry.npmjs.org/@radix-ui/react-primitive/-/react-primitive-2.0.0.tgz",
      "integrity": "sha512-ZSpFm0/uHa8zTvKBDjLFWLo8dkr4MBsiDLz0g3gMUwqgLHz9rTaRRGYDgvZPtBJgYCBKXkS9fzmoySgr8CO6Cw==",
      "requires": {
        "@radix-ui/react-slot": "1.1.0"
      }
    },
    "@radix-ui/react-roving-focus": {
      "version": "1.1.0",
      "resolved": "https://registry.npmjs.org/@radix-ui/react-roving-focus/-/react-roving-focus-1.1.0.tgz",
      "integrity": "sha512-EA6AMGeq9AEeQDeSH0aZgG198qkfHSbvWTf1HvoDmOB5bBG/qTxjYMWUKMnYiV6J/iP/J8MEFSuB2zRU2n7ODA==",
      "requires": {
        "@radix-ui/primitive": "1.1.0",
        "@radix-ui/react-collection": "1.1.0",
        "@radix-ui/react-compose-refs": "1.1.0",
        "@radix-ui/react-context": "1.1.0",
        "@radix-ui/react-direction": "1.1.0",
        "@radix-ui/react-id": "1.1.0",
        "@radix-ui/react-primitive": "2.0.0",
        "@radix-ui/react-use-callback-ref": "1.1.0",
        "@radix-ui/react-use-controllable-state": "1.1.0"
      }
    },
    "@radix-ui/react-slot": {
      "version": "1.1.0",
      "resolved": "https://registry.npmjs.org/@radix-ui/react-slot/-/react-slot-1.1.0.tgz",
      "integrity": "sha512-FUCf5XMfmW4dtYl69pdS4DbxKy8nj4M7SafBgPllysxmdachynNflAdp/gCsnYWNDnge6tI9onzMp5ARYc1KNw==",
      "requires": {
        "@radix-ui/react-compose-refs": "1.1.0"
      }
    },
    "@radix-ui/react-tooltip": {
      "version": "1.1.2",
      "resolved": "https://registry.npmjs.org/@radix-ui/react-tooltip/-/react-tooltip-1.1.2.tgz",
      "integrity": "sha512-9XRsLwe6Yb9B/tlnYCPVUd/TFS4J7HuOZW345DCeC6vKIxQGMZdx21RK4VoZauPD5frgkXTYVS5y90L+3YBn4w==",
      "requires": {
        "@radix-ui/primitive": "1.1.0",
        "@radix-ui/react-compose-refs": "1.1.0",
        "@radix-ui/react-context": "1.1.0",
        "@radix-ui/react-dismissable-layer": "1.1.0",
        "@radix-ui/react-id": "1.1.0",
        "@radix-ui/react-popper": "1.2.0",
        "@radix-ui/react-portal": "1.1.1",
        "@radix-ui/react-presence": "1.1.0",
        "@radix-ui/react-primitive": "2.0.0",
        "@radix-ui/react-slot": "1.1.0",
        "@radix-ui/react-use-controllable-state": "1.1.0",
        "@radix-ui/react-visually-hidden": "1.1.0"
      }
    },
    "@radix-ui/react-use-callback-ref": {
      "version": "1.1.0",
      "resolved": "https://registry.npmjs.org/@radix-ui/react-use-callback-ref/-/react-use-callback-ref-1.1.0.tgz",
      "integrity": "sha512-CasTfvsy+frcFkbXtSJ2Zu9JHpN8TYKxkgJGWbjiZhFivxaeW7rMeZt7QELGVLaYVfFMsKHjb7Ak0nMEe+2Vfw=="
    },
    "@radix-ui/react-use-controllable-state": {
      "version": "1.1.0",
      "resolved": "https://registry.npmjs.org/@radix-ui/react-use-controllable-state/-/react-use-controllable-state-1.1.0.tgz",
      "integrity": "sha512-MtfMVJiSr2NjzS0Aa90NPTnvTSg6C/JLCV7ma0W6+OMV78vd8OyRpID+Ng9LxzsPbLeuBnWBA1Nq30AtBIDChw==",
      "requires": {
        "@radix-ui/react-use-callback-ref": "1.1.0"
      }
    },
    "@radix-ui/react-use-escape-keydown": {
      "version": "1.1.0",
      "resolved": "https://registry.npmjs.org/@radix-ui/react-use-escape-keydown/-/react-use-escape-keydown-1.1.0.tgz",
      "integrity": "sha512-L7vwWlR1kTTQ3oh7g1O0CBF3YCyyTj8NmhLR+phShpyA50HCfBFKVJTpshm9PzLiKmehsrQzTYTpX9HvmC9rhw==",
      "requires": {
        "@radix-ui/react-use-callback-ref": "1.1.0"
      }
    },
    "@radix-ui/react-use-layout-effect": {
      "version": "1.1.0",
      "resolved": "https://registry.npmjs.org/@radix-ui/react-use-layout-effect/-/react-use-layout-effect-1.1.0.tgz",
      "integrity": "sha512-+FPE0rOdziWSrH9athwI1R0HDVbWlEhd+FR+aSDk4uWGmSJ9Z54sdZVDQPZAinJhJXwfT+qnj969mCsT2gfm5w=="
    },
    "@radix-ui/react-use-rect": {
      "version": "1.1.0",
      "resolved": "https://registry.npmjs.org/@radix-ui/react-use-rect/-/react-use-rect-1.1.0.tgz",
      "integrity": "sha512-0Fmkebhr6PiseyZlYAOtLS+nb7jLmpqTrJyv61Pe68MKYW6OWdRE2kI70TaYY27u7H0lajqM3hSMMLFq18Z7nQ==",
      "requires": {
        "@radix-ui/rect": "1.1.0"
      }
    },
    "@radix-ui/react-use-size": {
      "version": "1.1.0",
      "resolved": "https://registry.npmjs.org/@radix-ui/react-use-size/-/react-use-size-1.1.0.tgz",
      "integrity": "sha512-XW3/vWuIXHa+2Uwcc2ABSfcCledmXhhQPlGbfcRXbiUQI5Icjcg19BGCZVKKInYbvUCut/ufbbLLPFC5cbb1hw==",
      "requires": {
        "@radix-ui/react-use-layout-effect": "1.1.0"
      }
    },
    "@radix-ui/react-visually-hidden": {
      "version": "1.1.0",
      "resolved": "https://registry.npmjs.org/@radix-ui/react-visually-hidden/-/react-visually-hidden-1.1.0.tgz",
      "integrity": "sha512-N8MDZqtgCgG5S3aV60INAB475osJousYpZ4cTJ2cFbMpdHS5Y6loLTH8LPtkj2QN0x93J30HT/M3qJXM0+lyeQ==",
      "requires": {
        "@radix-ui/react-primitive": "2.0.0"
      }
    },
    "@radix-ui/rect": {
      "version": "1.1.0",
      "resolved": "https://registry.npmjs.org/@radix-ui/rect/-/rect-1.1.0.tgz",
      "integrity": "sha512-A9+lCBZoaMJlVKcRBz2YByCG+Cp2t6nAnMnNba+XiWxnj6r4JUFqfsgwocMBZU9LPtdxC6wB56ySYpc7LQIoJg=="
    },
    "@tanstack/react-virtual": {
      "version": "3.10.7",
      "resolved": "https://registry.npmjs.org/@tanstack/react-virtual/-/react-virtual-3.10.7.tgz",
      "integrity": "sha512-yeP+M0G8D+15ZFPivpuQ5hoM4Fa/PzERBx8P8EGcfEsXX3JOb9G9UUrqc47ZXAxvK+YqzM9T5qlJUYUFOwCZJw==",
      "requires": {
        "@tanstack/virtual-core": "3.10.7"
      }
    },
    "@tanstack/virtual-core": {
      "version": "3.10.7",
      "resolved": "https://registry.npmjs.org/@tanstack/virtual-core/-/virtual-core-3.10.7.tgz",
      "integrity": "sha512-ND5dfsU0n9F4gROzwNNDJmg6y8n9pI8YWxtgbfJ5UcNn7Hx+MxEXtXcQ189tS7sh8pmCObgz2qSiyRKTZxT4dg=="
    },
    "@types/codemirror": {
      "version": "5.60.15",
      "resolved": "https://registry.npmjs.org/@types/codemirror/-/codemirror-5.60.15.tgz",
      "integrity": "sha512-dTOvwEQ+ouKJ/rE9LT1Ue2hmP6H1mZv5+CCnNWu2qtiOe2LQa9lCprEY20HxiDmV/Bxh+dXjywmy5aKvoGjULA==",
      "requires": {
        "@types/tern": "*"
      }
    },
    "@types/estree": {
      "version": "1.0.5",
      "resolved": "https://registry.npmjs.org/@types/estree/-/estree-1.0.5.tgz",
      "integrity": "sha512-/kYRxGDLWzHOB7q+wtSUQlFrtcdUccpfy+X+9iMBpHK8QLLhx2wIPYuS5DYtR9Wa/YlZAbIovy7qVdB1Aq6Lyw=="
    },
    "@types/prop-types": {
      "version": "15.7.4",
      "resolved": "https://registry.npmjs.org/@types/prop-types/-/prop-types-15.7.4.tgz",
      "integrity": "sha512-rZ5drC/jWjrArrS8BR6SIr4cWpW09RNTYt9AMZo3Jwwif+iacXAqgVjm0B0Bv/S1jhDXKHqRVNCbACkJ89RAnQ=="
    },
    "@types/react": {
      "version": "17.0.39",
      "resolved": "https://registry.npmjs.org/@types/react/-/react-17.0.39.tgz",
      "integrity": "sha512-UVavlfAxDd/AgAacMa60Azl7ygyQNRwC/DsHZmKgNvPmRR5p70AJ5Q9EAmL2NWOJmeV+vVUI4IAP7GZrN8h8Ug==",
      "requires": {
        "@types/prop-types": "*",
        "@types/scheduler": "*",
        "csstype": "^3.0.2"
      }
    },
    "@types/react-dom": {
      "version": "17.0.13",
      "resolved": "https://registry.npmjs.org/@types/react-dom/-/react-dom-17.0.13.tgz",
      "integrity": "sha512-wEP+B8hzvy6ORDv1QBhcQia4j6ea4SFIBttHYpXKPFZRviBvknq0FRh3VrIxeXUmsPkwuXVZrVGG7KUVONmXCQ==",
      "requires": {
        "@types/react": "*"
      }
    },
    "@types/scheduler": {
      "version": "0.16.2",
      "resolved": "https://registry.npmjs.org/@types/scheduler/-/scheduler-0.16.2.tgz",
      "integrity": "sha512-hppQEBDmlwhFAXKJX2KnWLYu5yMfi91yazPb2l+lbJiwW+wdo1gNeRA+3RgNSO39WYX2euey41KEwnqesU2Jew=="
    },
    "@types/tern": {
      "version": "0.23.9",
      "resolved": "https://registry.npmjs.org/@types/tern/-/tern-0.23.9.tgz",
      "integrity": "sha512-ypzHFE/wBzh+BlH6rrBgS5I/Z7RD21pGhZ2rltb/+ZrVM1awdZwjx7hE5XfuYgHWk9uvV5HLZN3SloevCAp3Bw==",
      "requires": {
        "@types/estree": "*"
      }
    },
    "argparse": {
      "version": "2.0.1",
      "resolved": "https://registry.npmjs.org/argparse/-/argparse-2.0.1.tgz",
      "integrity": "sha512-8+9WqebbFzpX9OR+Wa6O29asIogeRMzcGtAINdpMHHyAg10f05aSFVBbcEqGf/PXw1EjAZ+q2/bEBg3DvurK3Q=="
    },
    "aria-hidden": {
      "version": "1.2.4",
      "resolved": "https://registry.npmjs.org/aria-hidden/-/aria-hidden-1.2.4.tgz",
      "integrity": "sha512-y+CcFFwelSXpLZk/7fMB2mUbGtX9lKycf1MWJ7CaTIERyitVlyQx6C+sxcROU2BAJ24OiZyK+8wj2i8AlBoS3A==",
      "requires": {
        "tslib": "^2.0.0"
      }
    },
    "babel-polyfill": {
      "version": "6.26.0",
      "resolved": "https://registry.npmjs.org/babel-polyfill/-/babel-polyfill-6.26.0.tgz",
      "integrity": "sha1-N5k3q8Z9eJWXCtxiHyhM2WbPIVM=",
      "requires": {
        "babel-runtime": "^6.26.0",
        "core-js": "^2.5.0",
        "regenerator-runtime": "^0.10.5"
      },
      "dependencies": {
        "regenerator-runtime": {
          "version": "0.10.5",
          "resolved": "https://registry.npmjs.org/regenerator-runtime/-/regenerator-runtime-0.10.5.tgz",
          "integrity": "sha1-M2w+/BIgrc7dosn6tntaeVWjNlg="
        }
      }
    },
    "babel-runtime": {
      "version": "6.26.0",
      "resolved": "https://registry.npmjs.org/babel-runtime/-/babel-runtime-6.26.0.tgz",
      "integrity": "sha1-llxwWGaOgrVde/4E/yM3vItWR/4=",
      "requires": {
        "core-js": "^2.4.0",
        "regenerator-runtime": "^0.11.0"
      },
      "dependencies": {
        "regenerator-runtime": {
          "version": "0.11.1",
          "resolved": "https://registry.npmjs.org/regenerator-runtime/-/regenerator-runtime-0.11.1.tgz",
          "integrity": "sha512-MguG95oij0fC3QV3URf4V2SDYGJhJnJGqvIIgdECeODCT98wSWDAJ94SSuVpYQUoTcGUIL6L4yNB7j1DFFHSBg=="
        }
      }
    },
    "client-only": {
      "version": "0.0.1",
      "resolved": "https://registry.npmjs.org/client-only/-/client-only-0.0.1.tgz",
      "integrity": "sha512-IV3Ou0jSMzZrd3pZ48nLkT9DA7Ag1pnPzaiQhpW7c3RbcqqzvzzVu+L8gfqMp/8IM2MQtSiqaCxrrcfu8I8rMA=="
    },
    "clsx": {
      "version": "1.2.1",
      "resolved": "https://registry.npmjs.org/clsx/-/clsx-1.2.1.tgz",
      "integrity": "sha512-EcR6r5a8bj6pu3ycsa/E/cKVGuTgZJZdsyUYHOksG/UHIiKfjxzRxYJpyVBwYaQeOvghal9fcc4PidlgzugAQg=="
    },
    "codemirror": {
      "version": "5.65.17",
      "resolved": "https://registry.npmjs.org/codemirror/-/codemirror-5.65.17.tgz",
      "integrity": "sha512-1zOsUx3lzAOu/gnMAZkQ9kpIHcPYOc9y1Fbm2UVk5UBPkdq380nhkelG0qUwm1f7wPvTbndu9ZYlug35EwAZRQ=="
    },
    "codemirror-graphql": {
      "version": "2.1.1",
      "resolved": "https://registry.npmjs.org/codemirror-graphql/-/codemirror-graphql-2.1.1.tgz",
      "integrity": "sha512-qVNd+H4OqkeBLDztB5bYllAmToxmZASOoELgbf+csNcoovIHKqSB/eppkzWI5jdQGd8bvLK1lTePfqXsCBFryw==",
      "requires": {
        "@types/codemirror": "^0.0.90",
        "graphql-language-service": "5.3.0"
      },
      "dependencies": {
        "@types/codemirror": {
          "version": "0.0.90",
          "resolved": "https://registry.npmjs.org/@types/codemirror/-/codemirror-0.0.90.tgz",
          "integrity": "sha512-8Z9+tSg27NPRGubbUPUCrt5DDG/OWzLph5BvcDykwR5D7RyZh5mhHG0uS1ePKV1YFCA+/cwc4Ey2AJAEFfV3IA==",
          "requires": {
            "@types/tern": "*"
          }
        }
      }
    },
    "copy-to-clipboard": {
      "version": "3.3.3",
      "resolved": "https://registry.npmjs.org/copy-to-clipboard/-/copy-to-clipboard-3.3.3.tgz",
      "integrity": "sha512-2KV8NhB5JqC3ky0r9PMCAZKbUHSwtEo4CwCs0KXgruG43gX5PMqDEBbVU4OUzw2MuAWUfsuFmWvEKG5QRfSnJA==",
      "requires": {
        "toggle-selection": "^1.0.6"
      }
    },
    "core-js": {
      "version": "2.6.11",
      "resolved": "https://registry.npmjs.org/core-js/-/core-js-2.6.11.tgz",
      "integrity": "sha512-5wjnpaT/3dV+XB4borEsnAYQchn00XSgTAWKDkEqv+K8KevjbzmofK6hfJ9TZIlpj2N0xQpazy7PiRQiWHqzWg=="
    },
    "csstype": {
      "version": "3.0.10",
      "resolved": "https://registry.npmjs.org/csstype/-/csstype-3.0.10.tgz",
      "integrity": "sha512-2u44ZG2OcNUO9HDp/Jl8C07x6pU/eTR3ncV91SiK3dhG9TWvRVsCoJw14Ckx5DgWkzGA3waZWO3d7pgqpUI/XA=="
    },
    "debounce-promise": {
      "version": "3.1.2",
      "resolved": "https://registry.npmjs.org/debounce-promise/-/debounce-promise-3.1.2.tgz",
      "integrity": "sha512-rZHcgBkbYavBeD9ej6sP56XfG53d51CD4dnaw989YX/nZ/ZJfgRx/9ePKmTNiUiyQvh4mtrMoS3OAWW+yoYtpg=="
    },
    "detect-node-es": {
      "version": "1.1.0",
      "resolved": "https://registry.npmjs.org/detect-node-es/-/detect-node-es-1.1.0.tgz",
      "integrity": "sha512-ypdmJU/TbBby2Dxibuv7ZLW3Bs1QEmM7nHjEANfohJLvE0XVujisn1qPJcZxg+qDucsr+bP6fLD1rPS3AhJ7EQ=="
    },
    "entities": {
      "version": "4.5.0",
      "resolved": "https://registry.npmjs.org/entities/-/entities-4.5.0.tgz",
      "integrity": "sha512-V0hjH4dGPh9Ao5p0MoRY6BVqtwCjhz6vI5LT8AJ55H+4g9/4vbHx1I54fS0XuclLhDHArPQCiMjDxjaL8fPxhw=="
    },
    "esbuild": {
      "version": "0.23.0",
      "resolved": "https://registry.npmjs.org/esbuild/-/esbuild-0.23.0.tgz",
      "integrity": "sha512-1lvV17H2bMYda/WaFb2jLPeHU3zml2k4/yagNMG8Q/YtfMjCwEUZa2eXXMgZTVSL5q1n4H7sQ0X6CdJDqqeCFA==",
      "dev": true,
      "requires": {
        "@esbuild/aix-ppc64": "0.23.0",
        "@esbuild/android-arm": "0.23.0",
        "@esbuild/android-arm64": "0.23.0",
        "@esbuild/android-x64": "0.23.0",
        "@esbuild/darwin-arm64": "0.23.0",
        "@esbuild/darwin-x64": "0.23.0",
        "@esbuild/freebsd-arm64": "0.23.0",
        "@esbuild/freebsd-x64": "0.23.0",
        "@esbuild/linux-arm": "0.23.0",
        "@esbuild/linux-arm64": "0.23.0",
        "@esbuild/linux-ia32": "0.23.0",
        "@esbuild/linux-loong64": "0.23.0",
        "@esbuild/linux-mips64el": "0.23.0",
        "@esbuild/linux-ppc64": "0.23.0",
        "@esbuild/linux-riscv64": "0.23.0",
        "@esbuild/linux-s390x": "0.23.0",
        "@esbuild/linux-x64": "0.23.0",
        "@esbuild/netbsd-x64": "0.23.0",
        "@esbuild/openbsd-arm64": "0.23.0",
        "@esbuild/openbsd-x64": "0.23.0",
        "@esbuild/sunos-x64": "0.23.0",
        "@esbuild/win32-arm64": "0.23.0",
        "@esbuild/win32-ia32": "0.23.0",
        "@esbuild/win32-x64": "0.23.0"
      }
    },
    "framer-motion": {
      "version": "6.5.1",
      "resolved": "https://registry.npmjs.org/framer-motion/-/framer-motion-6.5.1.tgz",
      "integrity": "sha512-o1BGqqposwi7cgDrtg0dNONhkmPsUFDaLcKXigzuTFC5x58mE8iyTazxSudFzmT6MEyJKfjjU8ItoMe3W+3fiw==",
      "requires": {
        "@emotion/is-prop-valid": "^0.8.2",
        "@motionone/dom": "10.12.0",
        "framesync": "6.0.1",
        "hey-listen": "^1.0.8",
        "popmotion": "11.0.3",
        "style-value-types": "5.0.0",
        "tslib": "^2.1.0"
      }
    },
    "framesync": {
      "version": "6.0.1",
      "resolved": "https://registry.npmjs.org/framesync/-/framesync-6.0.1.tgz",
      "integrity": "sha512-fUY88kXvGiIItgNC7wcTOl0SNRCVXMKSWW2Yzfmn7EKNc+MpCzcz9DhdHcdjbrtN3c6R4H5dTY2jiCpPdysEjA==",
      "requires": {
        "tslib": "^2.1.0"
      }
    },
    "get-nonce": {
      "version": "1.0.1",
      "resolved": "https://registry.npmjs.org/get-nonce/-/get-nonce-1.0.1.tgz",
      "integrity": "sha512-FJhYRoDaiatfEkUK8HKlicmu/3SGFD51q3itKDGoSTysQJBnfOcxU5GxnhE1E6soB76MbT0MBtnKJuXyAx+96Q=="
    },
    "get-value": {
      "version": "3.0.1",
      "resolved": "https://registry.npmjs.org/get-value/-/get-value-3.0.1.tgz",
      "integrity": "sha512-mKZj9JLQrwMBtj5wxi6MH8Z5eSKaERpAwjg43dPtlGI1ZVEgH/qC7T8/6R2OBSUA+zzHBZgICsVJaEIV2tKTDA==",
      "requires": {
        "isobject": "^3.0.1"
      }
    },
    "graphiql": {
      "version": "3.7.1",
      "resolved": "https://registry.npmjs.org/graphiql/-/graphiql-3.7.1.tgz",
      "integrity": "sha512-kmummedOrFYs0BI5evrVY0AerOYlaMt/Sc/e+Sta1x8X6vEMYWNeUUz/kKF2NQT5BcsR3FnNdFt1Gk2QMgueGQ==",
      "requires": {
        "@graphiql/react": "^0.26.2"
      }
    },
    "graphiql-explorer": {
      "version": "0.9.0",
      "resolved": "https://registry.npmjs.org/graphiql-explorer/-/graphiql-explorer-0.9.0.tgz",
      "integrity": "sha512-fZC/wsuatqiQDO2otchxriFO0LaWIo/ovF/CQJ1yOudmY0P7pzDiP+l9CEHUiWbizk3e99x6DQG4XG1VxA+d6A=="
    },
    "graphql": {
      "version": "15.8.0",
      "resolved": "https://registry.npmjs.org/graphql/-/graphql-15.8.0.tgz",
      "integrity": "sha512-5gghUc24tP9HRznNpV2+FIoq3xKkj5dTQqf4v0CpdPbFVwFkWoxOM+o+2OC9ZSvjEMTjfmG9QT+gcvggTwW1zw=="
    },
    "graphql-language-service": {
      "version": "5.3.0",
      "resolved": "https://registry.npmjs.org/graphql-language-service/-/graphql-language-service-5.3.0.tgz",
      "integrity": "sha512-gCQIIy7lM9CB1KPLEb+DNZLczA9zuTLEOJE2hEQZTFYInogdmMDRa6RAkvM4LL0LcgcS+3uPs6KtHlcjCqRbUg==",
      "requires": {
        "debounce-promise": "^3.1.2",
        "nullthrows": "^1.0.0",
        "vscode-languageserver-types": "^3.17.1"
      }
    },
    "hey-listen": {
      "version": "1.0.8",
      "resolved": "https://registry.npmjs.org/hey-listen/-/hey-listen-1.0.8.tgz",
      "integrity": "sha512-COpmrF2NOg4TBWUJ5UVyaCU2A88wEMkUPK4hNqyCkqHbxT92BbvfjoSozkAIIm6XhicGlJHhFdullInrdhwU8Q=="
    },
    "invariant": {
      "version": "2.2.4",
      "resolved": "https://registry.npmjs.org/invariant/-/invariant-2.2.4.tgz",
      "integrity": "sha512-phJfQVBuaJM5raOpJjSfkiD6BpbCE4Ns//LaXl6wGYtUBY83nWS6Rf9tXm2e8VaK60JEjYldbPif/A2B1C2gNA==",
      "requires": {
        "loose-envify": "^1.0.0"
      }
    },
    "is-plain-object": {
      "version": "2.0.4",
      "resolved": "https://registry.npmjs.org/is-plain-object/-/is-plain-object-2.0.4.tgz",
      "integrity": "sha512-h5PpgXkWitc38BBMYawTYMWJHFZJVnBquFE57xFpjB8pJFiF6gZ+bU+WyI/yqXiFR5mdLsgYNaPe8uao6Uv9Og==",
      "requires": {
        "isobject": "^3.0.1"
      }
    },
    "is-primitive": {
      "version": "3.0.1",
      "resolved": "https://registry.npmjs.org/is-primitive/-/is-primitive-3.0.1.tgz",
      "integrity": "sha512-GljRxhWvlCNRfZyORiH77FwdFwGcMO620o37EOYC0ORWdq+WYNVqW0w2Juzew4M+L81l6/QS3t5gkkihyRqv9w=="
    },
    "isobject": {
      "version": "3.0.1",
      "resolved": "https://registry.npmjs.org/isobject/-/isobject-3.0.1.tgz",
      "integrity": "sha512-WhB9zCku7EGTj/HQQRz5aUQEUeoQZH2bWcltRErOpymJ4boYE6wL9Tbr23krRPSZ+C5zqNSrSw+Cc7sZZ4b7vg=="
    },
    "js-tokens": {
      "version": "4.0.0",
      "resolved": "https://registry.npmjs.org/js-tokens/-/js-tokens-4.0.0.tgz",
      "integrity": "sha512-RdJUflcE3cUzKiMqQgsCu06FPu9UdIJO0beYbPhHN4k6apgJtifcoCtT9bcxOpYBtpD2kCM6Sbzg4CausW/PKQ=="
    },
    "linkify-it": {
      "version": "5.0.0",
      "resolved": "https://registry.npmjs.org/linkify-it/-/linkify-it-5.0.0.tgz",
      "integrity": "sha512-5aHCbzQRADcdP+ATqnDuhhJ/MRIqDkZX5pyjFHRRysS8vZ5AbqGEoFIb6pYHPZ+L/OC2Lc+xT8uHVVR5CAK/wQ==",
      "requires": {
        "uc.micro": "^2.0.0"
      }
    },
    "loose-envify": {
      "version": "1.4.0",
      "resolved": "https://registry.npmjs.org/loose-envify/-/loose-envify-1.4.0.tgz",
      "integrity": "sha512-lyuxPGr/Wfhrlem2CL/UcnUc1zcqKAImBDzukY7Y5F/yQiNdko6+fRLevlw1HgMySw7f611UIY408EtxRSoK3Q==",
      "requires": {
        "js-tokens": "^3.0.0 || ^4.0.0"
      }
    },
    "markdown-it": {
      "version": "14.1.0",
      "resolved": "https://registry.npmjs.org/markdown-it/-/markdown-it-14.1.0.tgz",
      "integrity": "sha512-a54IwgWPaeBCAAsv13YgmALOF1elABB08FxO9i+r4VFk5Vl4pKokRPeX8u5TCgSsPi6ec1otfLjdOpVcgbpshg==",
      "requires": {
        "argparse": "^2.0.1",
        "entities": "^4.4.0",
        "linkify-it": "^5.0.0",
        "mdurl": "^2.0.0",
        "punycode.js": "^2.3.1",
        "uc.micro": "^2.1.0"
      }
    },
    "mdurl": {
      "version": "2.0.0",
      "resolved": "https://registry.npmjs.org/mdurl/-/mdurl-2.0.0.tgz",
      "integrity": "sha512-Lf+9+2r+Tdp5wXDXC4PcIBjTDtq4UKjCPMQhKIuzpJNW0b96kVqSwW0bT7FhRSfmAiFYgP+SCRvdrDozfh0U5w=="
    },
    "meros": {
      "version": "1.3.0",
      "resolved": "https://registry.npmjs.org/meros/-/meros-1.3.0.tgz",
      "integrity": "sha512-2BNGOimxEz5hmjUG2FwoxCt5HN7BXdaWyFqEwxPTrJzVdABtrL4TiHTcsWSFAxPQ/tOnEaQEJh3qWq71QRMY+w=="
    },
    "nullthrows": {
      "version": "1.1.1",
      "resolved": "https://registry.npmjs.org/nullthrows/-/nullthrows-1.1.1.tgz",
      "integrity": "sha512-2vPPEi+Z7WqML2jZYddDIfy5Dqb0r2fze2zTxNNknZaFpVHU3mFB3R+DWeJWGVx0ecvttSGlJTI+WG+8Z4cDWw=="
    },
    "object-assign": {
      "version": "4.1.1",
      "resolved": "https://registry.npmjs.org/object-assign/-/object-assign-4.1.1.tgz",
      "integrity": "sha1-IQmtx5ZYh8/AXLvUQsrIv7s2CGM="
    },
    "popmotion": {
      "version": "11.0.3",
      "resolved": "https://registry.npmjs.org/popmotion/-/popmotion-11.0.3.tgz",
      "integrity": "sha512-Y55FLdj3UxkR7Vl3s7Qr4e9m0onSnP8W7d/xQLsoJM40vs6UKHFdygs6SWryasTZYqugMjm3BepCF4CWXDiHgA==",
      "requires": {
        "framesync": "6.0.1",
        "hey-listen": "^1.0.8",
        "style-value-types": "5.0.0",
        "tslib": "^2.1.0"
      }
    },
    "prop-types": {
      "version": "15.7.2",
      "resolved": "https://registry.npmjs.org/prop-types/-/prop-types-15.7.2.tgz",
      "integrity": "sha512-8QQikdH7//R2vurIJSutZ1smHYTcLpRWEOlHnzcWHmBYrOGUysKwSsrC89BCiFj3CbrfJ/nXFdJepOVrY1GCHQ==",
      "requires": {
        "loose-envify": "^1.4.0",
        "object-assign": "^4.1.1",
        "react-is": "^16.8.1"
      }
    },
    "punycode": {
      "version": "2.1.1",
      "resolved": "https://registry.npmjs.org/punycode/-/punycode-2.1.1.tgz",
      "integrity": "sha512-XRsRjdf+j5ml+y/6GKHPZbrF/8p2Yga0JPtdqTIY2Xe5ohJPD9saDJJLPvp9+NSBprVvevdXZybnj2cv8OEd0A=="
    },
    "punycode.js": {
      "version": "2.3.1",
      "resolved": "https://registry.npmjs.org/punycode.js/-/punycode.js-2.3.1.tgz",
      "integrity": "sha512-uxFIHU0YlHYhDQtV4R9J6a52SLx28BCjT+4ieh7IGbgwVJWO+km431c4yRlREUAsAmt/uMjQUyQHNEPf0M39CA=="
    },
    "react": {
      "version": "16.14.0",
      "resolved": "https://registry.npmjs.org/react/-/react-16.14.0.tgz",
      "integrity": "sha512-0X2CImDkJGApiAlcf0ODKIneSwBPhqJawOa5wCtKbu7ZECrmS26NvtSILynQ66cgkT/RJ4LidJOc3bUESwmU8g==",
      "requires": {
        "loose-envify": "^1.1.0",
        "object-assign": "^4.1.1",
        "prop-types": "^15.6.2"
      }
    },
    "react-dom": {
      "version": "16.14.0",
      "resolved": "https://registry.npmjs.org/react-dom/-/react-dom-16.14.0.tgz",
      "integrity": "sha512-1gCeQXDLoIqMgqD3IO2Ah9bnf0w9kzhwN5q4FGnHZ67hBm9yePzB5JJAIQCc8x3pFnNlwFq4RidZggNAAkzWWw==",
      "requires": {
        "loose-envify": "^1.1.0",
        "object-assign": "^4.1.1",
        "prop-types": "^15.6.2",
        "scheduler": "^0.19.1"
      }
    },
    "react-is": {
      "version": "16.13.1",
      "resolved": "https://registry.npmjs.org/react-is/-/react-is-16.13.1.tgz",
      "integrity": "sha512-24e6ynE2H+OKt4kqsOvNd8kBpV65zoxbA4BVsEOB3ARVWQki/DHzaUoC5KuON/BiccDaCCTZBuOcfZs70kR8bQ=="
    },
    "react-remove-scroll": {
      "version": "2.5.7",
      "resolved": "https://registry.npmjs.org/react-remove-scroll/-/react-remove-scroll-2.5.7.tgz",
      "integrity": "sha512-FnrTWO4L7/Bhhf3CYBNArEG/yROV0tKmTv7/3h9QCFvH6sndeFf1wPqOcbFVu5VAulS5dV1wGT3GZZ/1GawqiA==",
      "requires": {
        "react-remove-scroll-bar": "^2.3.4",
        "react-style-singleton": "^2.2.1",
        "tslib": "^2.1.0",
        "use-callback-ref": "^1.3.0",
        "use-sidecar": "^1.1.2"
      }
    },
    "react-remove-scroll-bar": {
      "version": "2.3.6",
      "resolved": "https://registry.npmjs.org/react-remove-scroll-bar/-/react-remove-scroll-bar-2.3.6.tgz",
      "integrity": "sha512-DtSYaao4mBmX+HDo5YWYdBWQwYIQQshUV/dVxFxK+KM26Wjwp1gZ6rv6OC3oujI6Bfu6Xyg3TwK533AQutsn/g==",
      "requires": {
        "react-style-singleton": "^2.2.1",
        "tslib": "^2.0.0"
      }
    },
    "react-style-singleton": {
      "version": "2.2.1",
      "resolved": "https://registry.npmjs.org/react-style-singleton/-/react-style-singleton-2.2.1.tgz",
      "integrity": "sha512-ZWj0fHEMyWkHzKYUr2Bs/4zU6XLmq9HsgBURm7g5pAVfyn49DgUiNgY2d4lXRlYSiCif9YBGpQleewkcqddc7g==",
      "requires": {
        "get-nonce": "^1.0.0",
        "invariant": "^2.2.4",
        "tslib": "^2.0.0"
      }
    },
    "scheduler": {
      "version": "0.19.1",
      "resolved": "https://registry.npmjs.org/scheduler/-/scheduler-0.19.1.tgz",
      "integrity": "sha512-n/zwRWRYSUj0/3g/otKDRPMh6qv2SYMWNq85IEa8iZyAv8od9zDYpGSnpBEjNgcMNq6Scbu5KfIPxNF72R/2EA==",
      "requires": {
        "loose-envify": "^1.1.0",
        "object-assign": "^4.1.1"
      }
    },
    "set-value": {
      "version": "4.1.0",
      "resolved": "https://registry.npmjs.org/set-value/-/set-value-4.1.0.tgz",
      "integrity": "sha512-zTEg4HL0RwVrqcWs3ztF+x1vkxfm0lP+MQQFPiMJTKVceBwEV0A569Ou8l9IYQG8jOZdMVI1hGsc0tmeD2o/Lw==",
      "requires": {
        "is-plain-object": "^2.0.4",
        "is-primitive": "^3.0.1"
      }
    },
    "style-value-types": {
      "version": "5.0.0",
      "resolved": "https://registry.npmjs.org/style-value-types/-/style-value-types-5.0.0.tgz",
      "integrity": "sha512-08yq36Ikn4kx4YU6RD7jWEv27v4V+PUsOGa4n/as8Et3CuODMJQ00ENeAVXAeydX4Z2j1XHZF1K2sX4mGl18fA==",
      "requires": {
        "hey-listen": "^1.0.8",
        "tslib": "^2.1.0"
      }
    },
    "terryoy-reactive-elements": {
      "version": "1.0.0-alpha.0",
      "resolved": "https://registry.npmjs.org/terryoy-reactive-elements/-/terryoy-reactive-elements-1.0.0-alpha.0.tgz",
      "integrity": "sha512-sq54SOpP7YtwhYeRZE8XNQHItrcXhr3kq231mUxQrBXdmLJuchCmdN06o7mTfR4qvWm9uPo587sFbplBRx/tJg=="
    },
    "toggle-selection": {
      "version": "1.0.6",
      "resolved": "https://registry.npmjs.org/toggle-selection/-/toggle-selection-1.0.6.tgz",
      "integrity": "sha512-BiZS+C1OS8g/q2RRbJmy59xpyghNBqrr6k5L/uKBGRsTfxmu3ffiRnd8mlGPUVayg8pvfi5urfnu8TU7DVOkLQ=="
    },
    "tslib": {
      "version": "2.7.0",
      "resolved": "https://registry.npmjs.org/tslib/-/tslib-2.7.0.tgz",
      "integrity": "sha512-gLXCKdN1/j47AiHiOkJN69hJmcbGTHI0ImLmbYLHykhgeN0jVGola9yVjFgzCUklsZQMW55o+dW7IXv3RCXDzA=="
    },
    "typescript": {
      "version": "5.5.4",
      "resolved": "https://registry.npmjs.org/typescript/-/typescript-5.5.4.tgz",
      "integrity": "sha512-Mtq29sKDAEYP7aljRgtPOpTvOfbwRWlS6dPRzwjdE+C0R4brX/GUyhHSecbHMFLNBLcJIPt9nl9yG5TZ1weH+Q==",
      "dev": true
    },
    "uc.micro": {
      "version": "2.1.0",
      "resolved": "https://registry.npmjs.org/uc.micro/-/uc.micro-2.1.0.tgz",
      "integrity": "sha512-ARDJmphmdvUk6Glw7y9DQ2bFkKBHwQHLi2lsaH6PPmz/Ka9sFOBsBluozhDltWmnv9u/cF6Rt87znRTPV+yp/A=="
    },
    "use-callback-ref": {
      "version": "1.3.2",
      "resolved": "https://registry.npmjs.org/use-callback-ref/-/use-callback-ref-1.3.2.tgz",
      "integrity": "sha512-elOQwe6Q8gqZgDA8mrh44qRTQqpIHDcZ3hXTLjBe1i4ph8XpNJnO+aQf3NaG+lriLopI4HMx9VjQLfPQ6vhnoA==",
      "requires": {
        "tslib": "^2.0.0"
      }
    },
    "use-sidecar": {
      "version": "1.1.2",
      "resolved": "https://registry.npmjs.org/use-sidecar/-/use-sidecar-1.1.2.tgz",
      "integrity": "sha512-epTbsLuzZ7lPClpz2TyryBfztm7m+28DlEv2ZCQ3MDr5ssiwyOwGH/e5F9CkfWjJ1t4clvI58yF822/GUkjjhw==",
      "requires": {
        "detect-node-es": "^1.1.0",
        "tslib": "^2.0.0"
      }
    },
    "vscode-languageserver-types": {
      "version": "3.17.5",
      "resolved": "https://registry.npmjs.org/vscode-languageserver-types/-/vscode-languageserver-types-3.17.5.tgz",
      "integrity": "sha512-Ld1VelNuX9pdF39h2Hgaeb5hEZM2Z3jUrrMgWQAu82jMtZp7p3vJT3BzToKtZI7NgQssZje5o0zryOrhQvzQAg=="
    }
  }
}
