{
  "name": "js",
  "version": "1.0.0",
  "lockfileVersion": 1,
  "requires": true,
  "dependencies": {
    "@codemirror/highlight": {
      "version": "0.19.8",
      "resolved": "https://registry.npmjs.org/@codemirror/highlight/-/highlight-0.19.8.tgz",
      "integrity": "sha512-v/lzuHjrYR8MN2mEJcUD6fHSTXXli9C1XGYpr+ElV6fLBIUhMTNKR3qThp611xuWfXfwDxeL7ppcbkM/MzPV3A==",
      "requires": {
        "@codemirror/language": "^0.19.0",
        "@codemirror/rangeset": "^0.19.0",
        "@codemirror/state": "^0.19.3",
        "@codemirror/view": "^0.19.39",
        "@lezer/common": "^0.15.0",
        "style-mod": "^4.0.0"
      }
    },
    "@codemirror/language": {
      "version": "0.19.10",
      "resolved": "https://registry.npmjs.org/@codemirror/language/-/language-0.19.10.tgz",
      "integrity": "sha512-yA0DZ3RYn2CqAAGW62VrU8c4YxscMQn45y/I9sjBlqB1e2OTQLg4CCkMBuMSLXk4xaqjlsgazeOQWaJQOKfV8Q==",
      "requires": {
        "@codemirror/state": "^0.19.0",
        "@codemirror/text": "^0.19.0",
        "@codemirror/view": "^0.19.0",
        "@lezer/common": "^0.15.5",
        "@lezer/lr": "^0.15.0"
      }
    },
    "@codemirror/rangeset": {
      "version": "0.19.9",
      "resolved": "https://registry.npmjs.org/@codemirror/rangeset/-/rangeset-0.19.9.tgz",
      "integrity": "sha512-V8YUuOvK+ew87Xem+71nKcqu1SXd5QROMRLMS/ljT5/3MCxtgrRie1Cvild0G/Z2f1fpWxzX78V0U4jjXBorBQ==",
      "requires": {
        "@codemirror/state": "^0.19.0"
      }
    },
    "@codemirror/state": {
      "version": "0.19.9",
      "resolved": "https://registry.npmjs.org/@codemirror/state/-/state-0.19.9.tgz",
      "integrity": "sha512-psOzDolKTZkx4CgUqhBQ8T8gBc0xN5z4gzed109aF6x7D7umpDRoimacI/O6d9UGuyl4eYuDCZmDFr2Rq7aGOw==",
      "requires": {
        "@codemirror/text": "^0.19.0"
      }
    },
    "@codemirror/stream-parser": {
      "version": "0.19.9",
      "resolved": "https://registry.npmjs.org/@codemirror/stream-parser/-/stream-parser-0.19.9.tgz",
      "integrity": "sha512-WTmkEFSRCetpk8xIOvV2yyXdZs3DgYckM0IP7eFi4ewlxWnJO/H4BeJZLs4wQaydWsAqTQoDyIwNH1BCzK5LUQ==",
      "requires": {
        "@codemirror/highlight": "^0.19.0",
        "@codemirror/language": "^0.19.0",
        "@codemirror/state": "^0.19.0",
        "@codemirror/text": "^0.19.0",
        "@lezer/common": "^0.15.0",
        "@lezer/lr": "^0.15.0"
      }
    },
    "@codemirror/text": {
      "version": "0.19.6",
      "resolved": "https://registry.npmjs.org/@codemirror/text/-/text-0.19.6.tgz",
      "integrity": "sha512-T9jnREMIygx+TPC1bOuepz18maGq/92q2a+n4qTqObKwvNMg+8cMTslb8yxeEDEq7S3kpgGWxgO1UWbQRij0dA=="
    },
    "@codemirror/view": {
      "version": "0.19.48",
      "resolved": "https://registry.npmjs.org/@codemirror/view/-/view-0.19.48.tgz",
      "integrity": "sha512-0eg7D2Nz4S8/caetCTz61rK0tkHI17V/d15Jy0kLOT8dTLGGNJUponDnW28h2B6bERmPlVHKh8MJIr5OCp1nGw==",
      "requires": {
        "@codemirror/rangeset": "^0.19.5",
        "@codemirror/state": "^0.19.3",
        "@codemirror/text": "^0.19.0",
        "style-mod": "^4.0.0",
        "w3c-keyname": "^2.2.4"
      }
    },
    "@graphiql/toolkit": {
      "version": "0.4.3",
      "resolved": "https://registry.npmjs.org/@graphiql/toolkit/-/toolkit-0.4.3.tgz",
      "integrity": "sha512-L0l6BezvTXmWZhtdmZxirhYwKzcZToAciQY0A13KRAWSpJ9bb/ZdkBpcz3fOXrsjuJHf0wBr6Vk9kztJ6lV7uA==",
      "requires": {
        "@n1ru4l/push-pull-async-iterable-iterator": "^3.1.0",
        "meros": "^1.1.4"
      }
    },
    "@lezer/common": {
      "version": "0.15.12",
      "resolved": "https://registry.npmjs.org/@lezer/common/-/common-0.15.12.tgz",
      "integrity": "sha512-edfwCxNLnzq5pBA/yaIhwJ3U3Kz8VAUOTRg0hhxaizaI1N+qxV7EXDv/kLCkLeq2RzSFvxexlaj5Mzfn2kY0Ig=="
    },
    "@lezer/lr": {
      "version": "0.15.8",
      "resolved": "https://registry.npmjs.org/@lezer/lr/-/lr-0.15.8.tgz",
      "integrity": "sha512-bM6oE6VQZ6hIFxDNKk8bKPa14hqFrV07J/vHGOeiAbJReIaQXmkVb6xQu4MR+JBTLa5arGRyAAjJe1qaQt3Uvg==",
      "requires": {
        "@lezer/common": "^0.15.0"
      }
    },
    "@n1ru4l/push-pull-async-iterable-iterator": {
      "version": "3.2.0",
      "resolved": "https://registry.npmjs.org/@n1ru4l/push-pull-async-iterable-iterator/-/push-pull-async-iterable-iterator-3.2.0.tgz",
      "integrity": "sha512-3fkKj25kEjsfObL6IlKPAlHYPq/oYwUkkQ03zsTTiDjD7vg/RxjdiLeCydqtxHZP0JgsXL3D/X5oAkMGzuUp/Q=="
    },
    "@types/prop-types": {
      "version": "15.7.4",
      "resolved": "https://registry.npmjs.org/@types/prop-types/-/prop-types-15.7.4.tgz",
      "integrity": "sha512-rZ5drC/jWjrArrS8BR6SIr4cWpW09RNTYt9AMZo3Jwwif+iacXAqgVjm0B0Bv/S1jhDXKHqRVNCbACkJ89RAnQ=="
    },
    "@types/react": {
      "version": "17.0.39",
      "resolved": "https://registry.npmjs.org/@types/react/-/react-17.0.39.tgz",
      "integrity": "sha512-UVavlfAxDd/AgAacMa60Azl7ygyQNRwC/DsHZmKgNvPmRR5p70AJ5Q9EAmL2NWOJmeV+vVUI4IAP7GZrN8h8Ug==",
      "requires": {
        "@types/prop-types": "*",
        "@types/scheduler": "*",
        "csstype": "^3.0.2"
      }
    },
    "@types/react-dom": {
      "version": "17.0.13",
      "resolved": "https://registry.npmjs.org/@types/react-dom/-/react-dom-17.0.13.tgz",
      "integrity": "sha512-wEP+B8hzvy6ORDv1QBhcQia4j6ea4SFIBttHYpXKPFZRviBvknq0FRh3VrIxeXUmsPkwuXVZrVGG7KUVONmXCQ==",
      "requires": {
        "@types/react": "*"
      }
    },
    "@types/scheduler": {
      "version": "0.16.2",
      "resolved": "https://registry.npmjs.org/@types/scheduler/-/scheduler-0.16.2.tgz",
      "integrity": "sha512-hppQEBDmlwhFAXKJX2KnWLYu5yMfi91yazPb2l+lbJiwW+wdo1gNeRA+3RgNSO39WYX2euey41KEwnqesU2Jew=="
    },
    "argparse": {
      "version": "2.0.1",
      "resolved": "https://registry.npmjs.org/argparse/-/argparse-2.0.1.tgz",
      "integrity": "sha512-8+9WqebbFzpX9OR+Wa6O29asIogeRMzcGtAINdpMHHyAg10f05aSFVBbcEqGf/PXw1EjAZ+q2/bEBg3DvurK3Q=="
    },
    "babel-polyfill": {
      "version": "6.26.0",
      "resolved": "https://registry.npmjs.org/babel-polyfill/-/babel-polyfill-6.26.0.tgz",
      "integrity": "sha1-N5k3q8Z9eJWXCtxiHyhM2WbPIVM=",
      "requires": {
        "babel-runtime": "^6.26.0",
        "core-js": "^2.5.0",
        "regenerator-runtime": "^0.10.5"
      },
      "dependencies": {
        "regenerator-runtime": {
          "version": "0.10.5",
          "resolved": "https://registry.npmjs.org/regenerator-runtime/-/regenerator-runtime-0.10.5.tgz",
          "integrity": "sha1-M2w+/BIgrc7dosn6tntaeVWjNlg="
        }
      }
    },
    "babel-runtime": {
      "version": "6.26.0",
      "resolved": "https://registry.npmjs.org/babel-runtime/-/babel-runtime-6.26.0.tgz",
      "integrity": "sha1-llxwWGaOgrVde/4E/yM3vItWR/4=",
      "requires": {
        "core-js": "^2.4.0",
        "regenerator-runtime": "^0.11.0"
      },
      "dependencies": {
        "regenerator-runtime": {
          "version": "0.11.1",
          "resolved": "https://registry.npmjs.org/regenerator-runtime/-/regenerator-runtime-0.11.1.tgz",
          "integrity": "sha512-MguG95oij0fC3QV3URf4V2SDYGJhJnJGqvIIgdECeODCT98wSWDAJ94SSuVpYQUoTcGUIL6L4yNB7j1DFFHSBg=="
        }
      }
    },
    "codemirror": {
      "version": "5.65.2",
      "resolved": "https://registry.npmjs.org/codemirror/-/codemirror-5.65.2.tgz",
      "integrity": "sha512-SZM4Zq7XEC8Fhroqe3LxbEEX1zUPWH1wMr5zxiBuiUF64iYOUH/JI88v4tBag8MiBS8B8gRv8O1pPXGYXQ4ErA=="
    },
    "codemirror-graphql": {
      "version": "1.2.17",
      "resolved": "https://registry.npmjs.org/codemirror-graphql/-/codemirror-graphql-1.2.17.tgz",
      "integrity": "sha512-8zV7yxylAnKeinZPANhhAp4XiqDnFwWe74/At+SvAPgsRXpB2MfeE4J9BSJOIzImpGRlnU9W9X22jGous8qx6g==",
      "requires": {
        "@codemirror/stream-parser": "^0.19.2",
        "graphql-language-service": "^5.0.3"
      }
    },
    "copy-to-clipboard": {
      "version": "3.3.1",
      "resolved": "https://registry.npmjs.org/copy-to-clipboard/-/copy-to-clipboard-3.3.1.tgz",
      "integrity": "sha512-i13qo6kIHTTpCm8/Wup+0b1mVWETvu2kIMzKoK8FpkLkFxlt0znUAHcMzox+T8sPlqtZXq3CulEjQHsYiGFJUw==",
      "requires": {
        "toggle-selection": "^1.0.6"
      }
    },
    "core-js": {
      "version": "2.6.11",
      "resolved": "https://registry.npmjs.org/core-js/-/core-js-2.6.11.tgz",
      "integrity": "sha512-5wjnpaT/3dV+XB4borEsnAYQchn00XSgTAWKDkEqv+K8KevjbzmofK6hfJ9TZIlpj2N0xQpazy7PiRQiWHqzWg=="
    },
    "csstype": {
      "version": "3.0.10",
      "resolved": "https://registry.npmjs.org/csstype/-/csstype-3.0.10.tgz",
      "integrity": "sha512-2u44ZG2OcNUO9HDp/Jl8C07x6pU/eTR3ncV91SiK3dhG9TWvRVsCoJw14Ckx5DgWkzGA3waZWO3d7pgqpUI/XA=="
    },
    "entities": {
      "version": "2.2.0",
      "resolved": "https://registry.npmjs.org/entities/-/entities-2.2.0.tgz",
      "integrity": "sha512-p92if5Nz619I0w+akJrLZH0MX0Pb5DX39XOwQTtXSdQQOaYH03S1uIQp4mhOZtAXrxq4ViO67YTiLBo2638o9A=="
    },
    "esbuild": {
      "version": "0.14.26",
      "resolved": "https://registry.npmjs.org/esbuild/-/esbuild-0.14.26.tgz",
      "integrity": "sha512-v0zIYlFB9NZ82/hFljhvpA7f8rob66r68ymB7juMz6TYAAMYjKGoW+hrMfRRvic5MAOI2wE/SuykFvsELLa6eA==",
      "dev": true,
      "requires": {
        "esbuild-android-64": "0.14.26",
        "esbuild-android-arm64": "0.14.26",
        "esbuild-darwin-64": "0.14.26",
        "esbuild-darwin-arm64": "0.14.26",
        "esbuild-freebsd-64": "0.14.26",
        "esbuild-freebsd-arm64": "0.14.26",
        "esbuild-linux-32": "0.14.26",
        "esbuild-linux-64": "0.14.26",
        "esbuild-linux-arm": "0.14.26",
        "esbuild-linux-arm64": "0.14.26",
        "esbuild-linux-mips64le": "0.14.26",
        "esbuild-linux-ppc64le": "0.14.26",
        "esbuild-linux-riscv64": "0.14.26",
        "esbuild-linux-s390x": "0.14.26",
        "esbuild-netbsd-64": "0.14.26",
        "esbuild-openbsd-64": "0.14.26",
        "esbuild-sunos-64": "0.14.26",
        "esbuild-windows-32": "0.14.26",
        "esbuild-windows-64": "0.14.26",
        "esbuild-windows-arm64": "0.14.26"
      }
    },
    "esbuild-android-64": {
      "version": "0.14.26",
      "resolved": "https://registry.npmjs.org/esbuild-android-64/-/esbuild-android-64-0.14.26.tgz",
      "integrity": "sha512-HIyJ3VvigHfseaI0D+vsD8zKQ4roDUD962/vtO/KXzav6wR//Y//Qx1HUX8k5bQeQ7/0yCXlltY9VBw1MFnWFQ==",
      "dev": true,
      "optional": true
    },
    "esbuild-android-arm64": {
      "version": "0.14.26",
      "resolved": "https://registry.npmjs.org/esbuild-android-arm64/-/esbuild-android-arm64-0.14.26.tgz",
      "integrity": "sha512-TxRCLxyU5yj3U8Bud9fCg3IxzIXXKaWcmDbvURm8JkRr0WvCAmwZBdLi5T8BasT1v5vrVE//M0KSHZod6HC6lA==",
      "dev": true,
      "optional": true
    },
    "esbuild-darwin-64": {
      "version": "0.14.26",
      "resolved": "https://registry.npmjs.org/esbuild-darwin-64/-/esbuild-darwin-64-0.14.26.tgz",
      "integrity": "sha512-oZJBN+CkR47Fc7KB1vowZy2kb5r+WSnsBjVEw7aI8HmR6louAgTr4bs1NwzaF6MbLi41ajaw6RdipfsM1H9PvQ==",
      "dev": true,
      "optional": true
    },
    "esbuild-darwin-arm64": {
      "version": "0.14.26",
      "resolved": "https://registry.npmjs.org/esbuild-darwin-arm64/-/esbuild-darwin-arm64-0.14.26.tgz",
      "integrity": "sha512-eYW+cmP3BGVPDp+wd9bRI5CN5HjkZnrMQtj46Mj//UsSh4SRvflAp3pjs3ooA+MCpIa9xZ8091HqLqpYi7KFWA==",
      "dev": true,
      "optional": true
    },
    "esbuild-freebsd-64": {
      "version": "0.14.26",
      "resolved": "https://registry.npmjs.org/esbuild-freebsd-64/-/esbuild-freebsd-64-0.14.26.tgz",
      "integrity": "sha512-Q+Hs27fSBkNfUHNhphSyWfF5lxl3o9S6LFlzkC5KofxLCnCESP+7YTzAWTosYGANsPT2mvYFOraFeYEokG+5DA==",
      "dev": true,
      "optional": true
    },
    "esbuild-freebsd-arm64": {
      "version": "0.14.26",
      "resolved": "https://registry.npmjs.org/esbuild-freebsd-arm64/-/esbuild-freebsd-arm64-0.14.26.tgz",
      "integrity": "sha512-MT+FuC/63oz6j/jvWOMCNqnHBYm/bNhGPArUgQX8GRhofFCeqe0NRmJbhtlHZaEeErIIjHPZQ/nXs34mfiqo/Q==",
      "dev": true,
      "optional": true
    },
    "esbuild-linux-32": {
      "version": "0.14.26",
      "resolved": "https://registry.npmjs.org/esbuild-linux-32/-/esbuild-linux-32-0.14.26.tgz",
      "integrity": "sha512-9gqSfJ8qMDvz7wXZoinNoe9/ekPpbT+/ZgVfZEeB72ETITVPHvMbG8i0E12wG366G01vMXtlxbD9IYJsMVhe6w==",
      "dev": true,
      "optional": true
    },
    "esbuild-linux-64": {
      "version": "0.14.26",
      "resolved": "https://registry.npmjs.org/esbuild-linux-64/-/esbuild-linux-64-0.14.26.tgz",
      "integrity": "sha512-aPku1lCxxXmBr5LkENSlGIbY33jjQExDzaSrNV+dDA5bHXhFnpI9UkSe+vQzrSkxgO66vNjSTNDcxg3pOXBaBw==",
      "dev": true,
      "optional": true
    },
    "esbuild-linux-arm": {
      "version": "0.14.26",
      "resolved": "https://registry.npmjs.org/esbuild-linux-arm/-/esbuild-linux-arm-0.14.26.tgz",
      "integrity": "sha512-m7ozLQozfgBmh9l3HWxDEVYEEG8GuTqzRoFuf9iX0xAlbtqmhhlm7M4zNMa2eyPEG+ejgHndAuvuB1hcOWvdJw==",
      "dev": true,
      "optional": true
    },
    "esbuild-linux-arm64": {
      "version": "0.14.26",
      "resolved": "https://registry.npmjs.org/esbuild-linux-arm64/-/esbuild-linux-arm64-0.14.26.tgz",
      "integrity": "sha512-S0boyzv5Yx+IN1A8253nEPzHqn/W/y+CRcLYFZ1E5DscqkY7EvBao6rhff3ZxaHU9Zrkn0pLVqlJdMx3rm6D4Q==",
      "dev": true,
      "optional": true
    },
    "esbuild-linux-mips64le": {
      "version": "0.14.26",
      "resolved": "https://registry.npmjs.org/esbuild-linux-mips64le/-/esbuild-linux-mips64le-0.14.26.tgz",
      "integrity": "sha512-TyMRc2ctQV1g9ruHg1Y793e18uDigKKsgzcZPzfxZi2z+hGK1uaSdaejGdULEJBJVMXt3/NC1T1yq0vCTiYYgg==",
      "dev": true,
      "optional": true
    },
    "esbuild-linux-ppc64le": {
      "version": "0.14.26",
      "resolved": "https://registry.npmjs.org/esbuild-linux-ppc64le/-/esbuild-linux-ppc64le-0.14.26.tgz",
      "integrity": "sha512-aOJPP80m2gV8CyDqEMGbwZaGKuR45tZU1qYZ0+Cy8lWV4CWmd9iBWhCLP3eI9d7163m6t+0YO/6N3iLSVlNnpA==",
      "dev": true,
      "optional": true
    },
    "esbuild-linux-riscv64": {
      "version": "0.14.26",
      "resolved": "https://registry.npmjs.org/esbuild-linux-riscv64/-/esbuild-linux-riscv64-0.14.26.tgz",
      "integrity": "sha512-2E5xK7SNZFXhFzRbZGtUqg3MbHnrx5XzqHaGLOLdHBqOSWIAdJKB3w6WtjpLkZvPuWrKeh51XnRpk1jm0TsUjQ==",
      "dev": true,
      "optional": true
    },
    "esbuild-linux-s390x": {
      "version": "0.14.26",
      "resolved": "https://registry.npmjs.org/esbuild-linux-s390x/-/esbuild-linux-s390x-0.14.26.tgz",
      "integrity": "sha512-kfSuFea857mTYMp/RAFmMp9TBjf1T8F/dTRqLn2p+g8Ok30Cp1+mI2+YCmxz5Uw2JOfxyvpND0Ek1PGPMo1UsQ==",
      "dev": true,
      "optional": true
    },
    "esbuild-netbsd-64": {
      "version": "0.14.26",
      "resolved": "https://registry.npmjs.org/esbuild-netbsd-64/-/esbuild-netbsd-64-0.14.26.tgz",
      "integrity": "sha512-tWhLwfOOqdZRwvaSYIWuic9Cj+WRRCLHe//Bmlf0ThBur9/EssRTtVh6/rC2Okp7Eb4QcerA/1wjWLYLECYD7g==",
      "dev": true,
      "optional": true
    },
    "esbuild-openbsd-64": {
      "version": "0.14.26",
      "resolved": "https://registry.npmjs.org/esbuild-openbsd-64/-/esbuild-openbsd-64-0.14.26.tgz",
      "integrity": "sha512-Xj7IWpsPn/hgKNzwjLpnf6wMtV0lfw5bzn7N9vmiCKx9TBA28L2hI8G15O0s9atLKny4HpmCGwZWmReNF1Ui6g==",
      "dev": true,
      "optional": true
    },
    "esbuild-sunos-64": {
      "version": "0.14.26",
      "resolved": "https://registry.npmjs.org/esbuild-sunos-64/-/esbuild-sunos-64-0.14.26.tgz",
      "integrity": "sha512-5odPsuhghCUYc3c1gEtz6pGq9cuGRDq1+iNdLBjZcz6IUebd0ay/AVORWchs5WddzyJA9hguxrKsPjECxX6OzQ==",
      "dev": true,
      "optional": true
    },
    "esbuild-windows-32": {
      "version": "0.14.26",
      "resolved": "https://registry.npmjs.org/esbuild-windows-32/-/esbuild-windows-32-0.14.26.tgz",
      "integrity": "sha512-xSVyGV6xGQlAC/K+oBXC9YiGGqoKqQGXVEFQKlDGXD6rxHGK5Fch0ynuvkjaYWW/p8OWqxGVYcof5BvGjY49RA==",
      "dev": true,
      "optional": true
    },
    "esbuild-windows-64": {
      "version": "0.14.26",
      "resolved": "https://registry.npmjs.org/esbuild-windows-64/-/esbuild-windows-64-0.14.26.tgz",
      "integrity": "sha512-Q0Bm42+wIqHJ8yF96T7nXosILXROegRtMmuI1L0kry0YBHnCFMtjNRTyUwv8yi7o2XvVYh7DF0NHLDL4N34MuA==",
      "dev": true,
      "optional": true
    },
    "esbuild-windows-arm64": {
      "version": "0.14.26",
      "resolved": "https://registry.npmjs.org/esbuild-windows-arm64/-/esbuild-windows-arm64-0.14.26.tgz",
      "integrity": "sha512-+l0DB0VV4LiSoDfNsGviK/2M88IR+/fOUfQoQx08RPu7OZ7gv9BqhRLZCSCT4qHT351OTH1nPv7avRXX6JRQcg==",
      "dev": true,
      "optional": true
    },
    "escape-html": {
      "version": "1.0.3",
      "resolved": "https://registry.npmjs.org/escape-html/-/escape-html-1.0.3.tgz",
      "integrity": "sha1-Aljq5NPQwJdN4cFpGI7wBR0dGYg="
    },
    "graphiql": {
      "version": "1.8.7",
      "resolved": "https://registry.npmjs.org/graphiql/-/graphiql-1.8.7.tgz",
      "integrity": "sha512-GcgOQ5S4TV1rA7oltyAw1rZKwtZ6SrpdzoeiV8J1VUddh1Xz64DpwoUEL43ijt/KFFVv3VPfv1ENDEhsWgcU9A==",
      "requires": {
        "@graphiql/toolkit": "^0.4.3",
        "codemirror": "^5.58.2",
        "codemirror-graphql": "^1.2.17",
        "copy-to-clipboard": "^3.2.0",
        "entities": "^2.0.0",
        "escape-html": "^1.0.3",
        "graphql-language-service": "^5.0.3",
        "markdown-it": "^12.2.0",
        "set-value": "^4.1.0"
      }
    },
    "graphiql-explorer": {
      "version": "0.9.0",
      "resolved": "https://registry.npmjs.org/graphiql-explorer/-/graphiql-explorer-0.9.0.tgz",
      "integrity": "sha512-fZC/wsuatqiQDO2otchxriFO0LaWIo/ovF/CQJ1yOudmY0P7pzDiP+l9CEHUiWbizk3e99x6DQG4XG1VxA+d6A=="
    },
    "graphql": {
      "version": "15.8.0",
      "resolved": "https://registry.npmjs.org/graphql/-/graphql-15.8.0.tgz",
      "integrity": "sha512-5gghUc24tP9HRznNpV2+FIoq3xKkj5dTQqf4v0CpdPbFVwFkWoxOM+o+2OC9ZSvjEMTjfmG9QT+gcvggTwW1zw=="
    },
    "graphql-language-service": {
      "version": "5.0.3",
      "resolved": "https://registry.npmjs.org/graphql-language-service/-/graphql-language-service-5.0.3.tgz",
      "integrity": "sha512-mO/xyZGXEri/Ythq+60eSPJqU7emUyAXd0LkrSC9rMk/UiUPV4M1xgZdZ6GnacazGR1wcCDaZs1VtsYpgVQbMQ==",
      "requires": {
        "nullthrows": "^1.0.0",
        "vscode-languageserver-types": "^3.15.1"
      }
    },
    "is-plain-object": {
      "version": "2.0.4",
      "resolved": "https://registry.npmjs.org/is-plain-object/-/is-plain-object-2.0.4.tgz",
      "integrity": "sha512-h5PpgXkWitc38BBMYawTYMWJHFZJVnBquFE57xFpjB8pJFiF6gZ+bU+WyI/yqXiFR5mdLsgYNaPe8uao6Uv9Og==",
      "requires": {
        "isobject": "^3.0.1"
      }
    },
    "is-primitive": {
      "version": "3.0.1",
      "resolved": "https://registry.npmjs.org/is-primitive/-/is-primitive-3.0.1.tgz",
      "integrity": "sha512-GljRxhWvlCNRfZyORiH77FwdFwGcMO620o37EOYC0ORWdq+WYNVqW0w2Juzew4M+L81l6/QS3t5gkkihyRqv9w=="
    },
    "isobject": {
      "version": "3.0.1",
      "resolved": "https://registry.npmjs.org/isobject/-/isobject-3.0.1.tgz",
      "integrity": "sha1-TkMekrEalzFjaqH5yNHMvP2reN8="
    },
    "js-tokens": {
      "version": "4.0.0",
      "resolved": "https://registry.npmjs.org/js-tokens/-/js-tokens-4.0.0.tgz",
      "integrity": "sha512-RdJUflcE3cUzKiMqQgsCu06FPu9UdIJO0beYbPhHN4k6apgJtifcoCtT9bcxOpYBtpD2kCM6Sbzg4CausW/PKQ=="
    },
    "linkify-it": {
      "version": "3.0.3",
      "resolved": "https://registry.npmjs.org/linkify-it/-/linkify-it-3.0.3.tgz",
      "integrity": "sha512-ynTsyrFSdE5oZ/O9GEf00kPngmOfVwazR5GKDq6EYfhlpFug3J2zybX56a2PRRpc9P+FuSoGNAwjlbDs9jJBPQ==",
      "requires": {
        "uc.micro": "^1.0.1"
      }
    },
    "loose-envify": {
      "version": "1.4.0",
      "resolved": "https://registry.npmjs.org/loose-envify/-/loose-envify-1.4.0.tgz",
      "integrity": "sha512-lyuxPGr/Wfhrlem2CL/UcnUc1zcqKAImBDzukY7Y5F/yQiNdko6+fRLevlw1HgMySw7f611UIY408EtxRSoK3Q==",
      "requires": {
        "js-tokens": "^3.0.0 || ^4.0.0"
      }
    },
    "markdown-it": {
      "version": "12.3.2",
      "resolved": "https://registry.npmjs.org/markdown-it/-/markdown-it-12.3.2.tgz",
      "integrity": "sha512-TchMembfxfNVpHkbtriWltGWc+m3xszaRD0CZup7GFFhzIgQqxIfn3eGj1yZpfuflzPvfkt611B2Q/Bsk1YnGg==",
      "requires": {
        "argparse": "^2.0.1",
        "entities": "~2.1.0",
        "linkify-it": "^3.0.1",
        "mdurl": "^1.0.1",
        "uc.micro": "^1.0.5"
      },
      "dependencies": {
        "entities": {
          "version": "2.1.0",
          "resolved": "https://registry.npmjs.org/entities/-/entities-2.1.0.tgz",
          "integrity": "sha512-hCx1oky9PFrJ611mf0ifBLBRW8lUUVRlFolb5gWRfIELabBlbp9xZvrqZLZAs+NxFnbfQoeGd8wDkygjg7U85w=="
        }
      }
    },
    "mdurl": {
      "version": "1.0.1",
      "resolved": "https://registry.npmjs.org/mdurl/-/mdurl-1.0.1.tgz",
      "integrity": "sha1-/oWy7HWlkDfyrf7BAP1sYBdhFS4="
    },
    "meros": {
      "version": "1.2.0",
      "resolved": "https://registry.npmjs.org/meros/-/meros-1.2.0.tgz",
      "integrity": "sha512-3QRZIS707pZQnijHdhbttXRWwrHhZJ/gzolneoxKVz9N/xmsvY/7Ls8lpnI9gxbgxjcHsAVEW3mgwiZCo6kkJQ=="
    },
    "nullthrows": {
      "version": "1.1.1",
      "resolved": "https://registry.npmjs.org/nullthrows/-/nullthrows-1.1.1.tgz",
      "integrity": "sha512-2vPPEi+Z7WqML2jZYddDIfy5Dqb0r2fze2zTxNNknZaFpVHU3mFB3R+DWeJWGVx0ecvttSGlJTI+WG+8Z4cDWw=="
    },
    "object-assign": {
      "version": "4.1.1",
      "resolved": "https://registry.npmjs.org/object-assign/-/object-assign-4.1.1.tgz",
      "integrity": "sha1-IQmtx5ZYh8/AXLvUQsrIv7s2CGM="
    },
    "prop-types": {
      "version": "15.7.2",
      "resolved": "https://registry.npmjs.org/prop-types/-/prop-types-15.7.2.tgz",
      "integrity": "sha512-8QQikdH7//R2vurIJSutZ1smHYTcLpRWEOlHnzcWHmBYrOGUysKwSsrC89BCiFj3CbrfJ/nXFdJepOVrY1GCHQ==",
      "requires": {
        "loose-envify": "^1.4.0",
        "object-assign": "^4.1.1",
        "react-is": "^16.8.1"
      }
    },
    "punycode": {
      "version": "2.1.1",
      "resolved": "https://registry.npmjs.org/punycode/-/punycode-2.1.1.tgz",
      "integrity": "sha512-XRsRjdf+j5ml+y/6GKHPZbrF/8p2Yga0JPtdqTIY2Xe5ohJPD9saDJJLPvp9+NSBprVvevdXZybnj2cv8OEd0A=="
    },
    "react": {
      "version": "16.14.0",
      "resolved": "https://registry.npmjs.org/react/-/react-16.14.0.tgz",
      "integrity": "sha512-0X2CImDkJGApiAlcf0ODKIneSwBPhqJawOa5wCtKbu7ZECrmS26NvtSILynQ66cgkT/RJ4LidJOc3bUESwmU8g==",
      "requires": {
        "loose-envify": "^1.1.0",
        "object-assign": "^4.1.1",
        "prop-types": "^15.6.2"
      }
    },
    "react-dom": {
      "version": "16.14.0",
      "resolved": "https://registry.npmjs.org/react-dom/-/react-dom-16.14.0.tgz",
      "integrity": "sha512-1gCeQXDLoIqMgqD3IO2Ah9bnf0w9kzhwN5q4FGnHZ67hBm9yePzB5JJAIQCc8x3pFnNlwFq4RidZggNAAkzWWw==",
      "requires": {
        "loose-envify": "^1.1.0",
        "object-assign": "^4.1.1",
        "prop-types": "^15.6.2",
        "scheduler": "^0.19.1"
      }
    },
    "react-is": {
      "version": "16.13.1",
      "resolved": "https://registry.npmjs.org/react-is/-/react-is-16.13.1.tgz",
      "integrity": "sha512-24e6ynE2H+OKt4kqsOvNd8kBpV65zoxbA4BVsEOB3ARVWQki/DHzaUoC5KuON/BiccDaCCTZBuOcfZs70kR8bQ=="
    },
    "scheduler": {
      "version": "0.19.1",
      "resolved": "https://registry.npmjs.org/scheduler/-/scheduler-0.19.1.tgz",
      "integrity": "sha512-n/zwRWRYSUj0/3g/otKDRPMh6qv2SYMWNq85IEa8iZyAv8od9zDYpGSnpBEjNgcMNq6Scbu5KfIPxNF72R/2EA==",
      "requires": {
        "loose-envify": "^1.1.0",
        "object-assign": "^4.1.1"
      }
    },
    "set-value": {
      "version": "4.1.0",
      "resolved": "https://registry.npmjs.org/set-value/-/set-value-4.1.0.tgz",
      "integrity": "sha512-zTEg4HL0RwVrqcWs3ztF+x1vkxfm0lP+MQQFPiMJTKVceBwEV0A569Ou8l9IYQG8jOZdMVI1hGsc0tmeD2o/Lw==",
      "requires": {
        "is-plain-object": "^2.0.4",
        "is-primitive": "^3.0.1"
      }
    },
    "style-mod": {
      "version": "4.0.0",
      "resolved": "https://registry.npmjs.org/style-mod/-/style-mod-4.0.0.tgz",
      "integrity": "sha512-OPhtyEjyyN9x3nhPsu76f52yUGXiZcgvsrFVtvTkyGRQJ0XK+GPc6ov1z+lRpbeabka+MYEQxOYRnt5nF30aMw=="
    },
    "terryoy-reactive-elements": {
      "version": "1.0.0-alpha.0",
      "resolved": "https://registry.npmjs.org/terryoy-reactive-elements/-/terryoy-reactive-elements-1.0.0-alpha.0.tgz",
      "integrity": "sha512-sq54SOpP7YtwhYeRZE8XNQHItrcXhr3kq231mUxQrBXdmLJuchCmdN06o7mTfR4qvWm9uPo587sFbplBRx/tJg=="
    },
    "toggle-selection": {
      "version": "1.0.6",
      "resolved": "https://registry.npmjs.org/toggle-selection/-/toggle-selection-1.0.6.tgz",
      "integrity": "sha1-bkWxJj8gF/oKzH2J14sVuL932jI="
    },
    "typescript": {
      "version": "4.6.2",
      "resolved": "https://registry.npmjs.org/typescript/-/typescript-4.6.2.tgz",
      "integrity": "sha512-HM/hFigTBHZhLXshn9sN37H085+hQGeJHJ/X7LpBWLID/fbc2acUMfU+lGD98X81sKP+pFa9f0DZmCwB9GnbAg==",
      "dev": true
    },
    "uc.micro": {
      "version": "1.0.6",
      "resolved": "https://registry.npmjs.org/uc.micro/-/uc.micro-1.0.6.tgz",
      "integrity": "sha512-8Y75pvTYkLJW2hWQHXxoqRgV7qb9B+9vFEtidML+7koHUFapnVJAZ6cKs+Qjz5Aw3aZWHMC6u0wJE3At+nSGwA=="
    },
    "vscode-languageserver-types": {
      "version": "3.16.0",
      "resolved": "https://registry.npmjs.org/vscode-languageserver-types/-/vscode-languageserver-types-3.16.0.tgz",
      "integrity": "sha512-k8luDIWJWyenLc5ToFQQMaSrqCHiLwyKPHKPQZ5zz21vM+vIVUSvsRpcbiECH4WR88K2XZqc4ScRcZ7nk/jbeA=="
    },
    "w3c-keyname": {
      "version": "2.2.4",
      "resolved": "https://registry.npmjs.org/w3c-keyname/-/w3c-keyname-2.2.4.tgz",
      "integrity": "sha512-tOhfEwEzFLJzf6d1ZPkYfGj+FWhIpBux9ppoP3rlclw3Z0BZv3N7b7030Z1kYth+6rDuAsXUFr+d0VE6Ed1ikw=="
    }
  }
}
